// !$*UTF8*$!
{
	archiveVersion = 1;
	classes = {
	};
	objectVersion = 56;
	objects = {

/* Begin PBXBuildFile section */
		015135E631653147116C5BF2 /* SearchBar.swift in Sources */ = {isa = PBXBuildFile; fileRef = E2E2935F2EB61054A084D790 /* SearchBar.swift */; };
		021CA03EDFAA691B6EB4CDB2 /* AuthenticationView.swift in Sources */ = {isa = PBXBuildFile; fileRef = BBCC4AAE9275D72F7B097B96 /* AuthenticationView.swift */; };
		065DC1E821E4B21287419565 /* SettingsView.swift in Sources */ = {isa = PBXBuildFile; fileRef = C4AC767E3FCB27E464F9612A /* SettingsView.swift */; };
		06911A9577ACF6B3FC13CBBA /* SearchCell.swift in Sources */ = {isa = PBXBuildFile; fileRef = 70AD785820AC3698B784794C /* SearchCell.swift */; };
		0DC7DDE2F6AD950C536C467C /* APIConfig.swift in Sources */ = {isa = PBXBuildFile; fileRef = 98434D9C45F2C79E0C7C6FCE /* APIConfig.swift */; };
		1005D72FF40CE96ABA059F21 /* Notification.swift in Sources */ = {isa = PBXBuildFile; fileRef = 80F8D8FC4DFA11F5C657C942 /* Notification.swift */; };
		1D21FAB63AFC5E606C0C2A64 /* TweetCellView.swift in Sources */ = {isa = PBXBuildFile; fileRef = D1C453EC586A0665020D9A19 /* TweetCellView.swift */; };
		224047DD3EE85ECD6AF106D5 /* File.xml in Resources */ = {isa = PBXBuildFile; fileRef = 054016E8D66F1B4C82E6B5D0 /* File.xml */; };
		265E6A61651B15BF73E09419 /* LoginView.swift in Sources */ = {isa = PBXBuildFile; fileRef = 16A96C0572F431B61D819EFF /* LoginView.swift */; };
		39E5589799AE479A0961C12E /* WelcomeView.swift in Sources */ = {isa = PBXBuildFile; fileRef = 971F650FD73A2B597D238C61 /* WelcomeView.swift */; };
		3A2BED0FFFAC043F2F81A466 /* ImagePicker.swift in Sources */ = {isa = PBXBuildFile; fileRef = A4F78A7A3E204C9B5D7EC5F7 /* ImagePicker.swift */; };
		4F41E88C3D8A52450B608CB9 /* Resources.swift in Sources */ = {isa = PBXBuildFile; fileRef = AE40C32AC8123DD59F172FB7 /* Resources.swift */; };
		5359609EC63BA2917D3F3721 /* ContentView.swift in Sources */ = {isa = PBXBuildFile; fileRef = E32DBD8DBA68E4D40E420616 /* ContentView.swift */; };
		559FF8AFC1C40C83C5C73A11 /* File.midi in Resources */ = {isa = PBXBuildFile; fileRef = 897C6D1F772896D5B3AD1736 /* File.midi */; };
		575D3F3D92D7F56AA224A523 /* EditProfileView.swift in Sources */ = {isa = PBXBuildFile; fileRef = E34EDAA091F359E1F459F762 /* EditProfileView.swift */; };
		576E5B609E03625FFEBEEAC8 /* Chinese.strings in Resources */ = {isa = PBXBuildFile; fileRef = AD1DF4DAA4A20E1031CE4B65 /* Chinese.strings */; };
		5889689E27A1592215C90BF5 /* English.strings in Resources */ = {isa = PBXBuildFile; fileRef = D2A7B61C5B6403D33EC4FC6B /* English.strings */; };
		590199AED4983560B3B185DE /* SecureAuthTextField.swift in Sources */ = {isa = PBXBuildFile; fileRef = 9FF3766CA156205490C9B9D4 /* SecureAuthTextField.swift */; };
		5984A8CEE38ACEBBB22DF543 /* ProfileViewModel.swift in Sources */ = {isa = PBXBuildFile; fileRef = 9DBEE20D17477DDC9CB612AB /* ProfileViewModel.swift */; };
		5D814DA30295F68E90CE0FFD /* ProfileView.swift in Sources */ = {isa = PBXBuildFile; fileRef = D03B69E61F26A92CC017CDE1 /* ProfileView.swift */; };
		602FB9FC8204B2B0123ED240 /* NotificationsViewModel.swift in Sources */ = {isa = PBXBuildFile; fileRef = 63FDE8CB94466263E5586230 /* NotificationsViewModel.swift */; };
		614129D232F10C34F6D692A9 /* SlideMenu.swift in Sources */ = {isa = PBXBuildFile; fileRef = 6C5311BA0064FFA2B4CFAA06 /* SlideMenu.swift */; };
		63CDB1CDAE64E75CD53B9494 /* MessagesView.swift in Sources */ = {isa = PBXBuildFile; fileRef = 0D141C2AC2D72783C5DD6D3B /* MessagesView.swift */; };
		691AB3F11ABBB35A7E8D6754 /* CreateTweetViewModel.swift in Sources */ = {isa = PBXBuildFile; fileRef = E5430286394D9E629A5EAA1D /* CreateTweetViewModel.swift */; };
		6E8CE3264D2D020CEC5EA548 /* NotificationsView.swift in Sources */ = {isa = PBXBuildFile; fileRef = 7188F8E9AB9164360AE3A37D /* NotificationsView.swift */; };
		6ED763BEDE0A0A2CCEB1BDF8 /* MainView.swift in Sources */ = {isa = PBXBuildFile; fileRef = DFEE166D9407A99E451AF8FC /* MainView.swift */; };
		6FDB19B7ED93FC0A6126E7A2 /* DIContainer.swift in Sources */ = {isa = PBXBuildFile; fileRef = 8AE05B2033693022A0786778 /* DIContainer.swift */; };
		71E7B14DA5FA08ECE96D4BFF /* SearchViewModel.swift in Sources */ = {isa = PBXBuildFile; fileRef = 361F150618D0D0F322A15E6E /* SearchViewModel.swift */; };
		740E038E9254CE9DF52E8663 /* CustomProfileTextField.swift in Sources */ = {isa = PBXBuildFile; fileRef = 1FD41AD84A58A6CD62269C35 /* CustomProfileTextField.swift */; };
		7584B335511A199DCC9A9819 /* ImageUploader.swift in Sources */ = {isa = PBXBuildFile; fileRef = ECC92E6AFC831E4B3659BBE5 /* ImageUploader.swift */; };
		7C55E95293106EE806379032 /* BlurView.swift in Sources */ = {isa = PBXBuildFile; fileRef = 2F6EF50FEDC1A4E2DDAC6AF3 /* BlurView.swift */; };
		8980B46545EC934F0C5E449B /* MessageCell.swift in Sources */ = {isa = PBXBuildFile; fileRef = B14BF60AC679063093FADE5A /* MessageCell.swift */; };
		8ACF7783040E90F3C41F9A2C /* NetworkMonitor.swift in Sources */ = {isa = PBXBuildFile; fileRef = BCD7898679A5681A2D7F6645 /* NetworkMonitor.swift */; };
		8E0A851518B6898ECB034D49 /* User.swift in Sources */ = {isa = PBXBuildFile; fileRef = 5CFC4E1CF5604E79DFA6473C /* User.swift */; };
		91C978992D2A6102D9E58DD0 /* MultilineTextField.swift in Sources */ = {isa = PBXBuildFile; fileRef = A2B85D4169C23AC0BD82EAF8 /* MultilineTextField.swift */; };
		94C1C62ED3BC9451E37AD277 /* Home.swift in Sources */ = {isa = PBXBuildFile; fileRef = E340CE3CF26FFEAB4FAEA1EF /* Home.swift */; };
		9800B848E68D814BFCE8CA57 /* Media.xcassets in Resources */ = {isa = PBXBuildFile; fileRef = DC7A55A39F786A0824ED647E /* Media.xcassets */; };
		9B2B42593BA606ED4DDA9F25 /* FeedView.swift in Sources */ = {isa = PBXBuildFile; fileRef = 948E51776C95105DFE7544F7 /* FeedView.swift */; };
		A3255C675D0B3559EDD12415 /* AuthViewModel.swift in Sources */ = {isa = PBXBuildFile; fileRef = 61B39B8D904517C1C32AF91D /* AuthViewModel.swift */; };
		A34912A405C139CF84C053D5 /* Kingfisher in Frameworks */ = {isa = PBXBuildFile; productRef = 2F8CF08C447FD6655E14096D /* Kingfisher */; };
		A48CE4A74F25A49D0EA54AD2 /* KeychainStore.swift in Sources */ = {isa = PBXBuildFile; fileRef = 4213E06F3CCA243298091A66 /* KeychainStore.swift */; };
		A5D0225C35E129B2A6A34178 /* CustomAuthTextField.swift in Sources */ = {isa = PBXBuildFile; fileRef = 04C8476A723818B1DA44336C /* CustomAuthTextField.swift */; };
		A84739D90E5A6BB45542378F /* TopBar.swift in Sources */ = {isa = PBXBuildFile; fileRef = CE82B213CC21FC9F7459A346 /* TopBar.swift */; };
		B37C4FECC45B4A754196001D /* UserDefaultsStore.swift in Sources */ = {isa = PBXBuildFile; fileRef = 2243DED1F2DF67E8424A091D /* UserDefaultsStore.swift */; };
		B42744FB6E3E6E8F74A13B88 /* TweetCellViewModel.swift in Sources */ = {isa = PBXBuildFile; fileRef = 190E67541B7057956D5FEAE1 /* TweetCellViewModel.swift */; };
		B60970752D536DBE0032F4CF /* AuthUITests.swift in Sources */ = {isa = PBXBuildFile; fileRef = 13D01F1F05E5664C512C631B /* AuthUITests.swift */; };
		B60970762D536DC20032F4CF /* AuthTests.swift in Sources */ = {isa = PBXBuildFile; fileRef = 9AA9FCB15D50C2E2927588E2 /* AuthTests.swift */; };
		B60970772D536DC50032F4CF /* NetworkTests.swift in Sources */ = {isa = PBXBuildFile; fileRef = C2AECAD09846AD417141E19A /* NetworkTests.swift */; };
		B60970782D536DC90032F4CF /* DIContainerTests.swift in Sources */ = {isa = PBXBuildFile; fileRef = E51E0F8EDF7FDAED6B4FD01B /* DIContainerTests.swift */; };
		B60970792D536DCC0032F4CF /* APIClientTests.swift in Sources */ = {isa = PBXBuildFile; fileRef = EE374A171296AD224D1BF1C8 /* APIClientTests.swift */; };
		B609707B2D53794B0032F4CF /* App.swift in Sources */ = {isa = PBXBuildFile; fileRef = B609707A2D53794B0032F4CF /* App.swift */; };
		B609707D2D5385890032F4CF /* AuthState.swift in Sources */ = {isa = PBXBuildFile; fileRef = B609707C2D5385890032F4CF /* AuthState.swift */; };
		B60970812D539DB20032F4CF /* AuthStateTests.swift in Sources */ = {isa = PBXBuildFile; fileRef = B609707F2D539D910032F4CF /* AuthStateTests.swift */; };
		B60970832D53A03E0032F4CF /* TweetService.swift in Sources */ = {isa = PBXBuildFile; fileRef = B60970822D53A03E0032F4CF /* TweetService.swift */; };
		B60970852D54514F0032F4CF /* ProfileEndpoint.swift in Sources */ = {isa = PBXBuildFile; fileRef = B60970842D54514F0032F4CF /* ProfileEndpoint.swift */; };
		B60970872D5451E00032F4CF /* ProfileServiceProtocol..swift in Sources */ = {isa = PBXBuildFile; fileRef = B60970862D5451E00032F4CF /* ProfileServiceProtocol..swift */; };
		B609708A2D5644520032F4CF /* NotificationService.swift in Sources */ = {isa = PBXBuildFile; fileRef = B60970882D5644520032F4CF /* NotificationService.swift */; };
		B609708B2D5644520032F4CF /* NotificationEndpoint.swift in Sources */ = {isa = PBXBuildFile; fileRef = B60970892D5644520032F4CF /* NotificationEndpoint.swift */; };
		B8A02EBDEE432D9F43AE0049 /* RegisterView.swift in Sources */ = {isa = PBXBuildFile; fileRef = 7352DB6F1062A3887691EE77 /* RegisterView.swift */; };
		B9ABDC386C8BDBE0CBBC9CED /* FeedViewModel.swift in Sources */ = {isa = PBXBuildFile; fileRef = 21E3914C4587AB9AE684B803 /* FeedViewModel.swift */; };
		C68B29F427476AD1D169FD1C /* CreateTweetView.swift in Sources */ = {isa = PBXBuildFile; fileRef = 3EEAC94C4DC0E8ECCA2BC71D /* CreateTweetView.swift */; };
		D083743D5A289AE1EA1CC99F /* APIClient.swift in Sources */ = {isa = PBXBuildFile; fileRef = 9EE7532C0F39B842F91C343E /* APIClient.swift */; };
		D10CBE177E7BF9CF1417A6FE /* NotificationCell.swift in Sources */ = {isa = PBXBuildFile; fileRef = 47D29BEB8668FC73D22D28DB /* NotificationCell.swift */; };
		D1DAED5FD58E480232F42738 /* SearchView.swift in Sources */ = {isa = PBXBuildFile; fileRef = 09EE9D64F86BC27946547B09 /* SearchView.swift */; };
		D93E65B72CADD710D2541373 /* NetworkError.swift in Sources */ = {isa = PBXBuildFile; fileRef = 26C46E8C249AAB8C57C0E9D0 /* NetworkError.swift */; };
		E158D8EF56E3BDE19B93E9BD /* HTTPMethod.swift in Sources */ = {isa = PBXBuildFile; fileRef = 68D8F78BD2DBA4CEA50A7489 /* HTTPMethod.swift */; };
		E16BAA03AFFD15D83F4BC746 /* Inject in Frameworks */ = {isa = PBXBuildFile; productRef = 9B0B58CBFF7A3CD52A750FEA /* Inject */; };
		E29835461CDFC6171C187658 /* Tweet.swift in Sources */ = {isa = PBXBuildFile; fileRef = A7D3EF8DAE5F093C855BC95A /* Tweet.swift */; };
		EAC89F42A818DC9B5A14490D /* authService.swift in Sources */ = {isa = PBXBuildFile; fileRef = 7B445C262055D63E94318C9C /* authService.swift */; };
		F110EC05AA0342C62CE0B4FD /* EditProfileViewModel.swift in Sources */ = {isa = PBXBuildFile; fileRef = AD7746183D7593D7C3B66E93 /* EditProfileViewModel.swift */; };
		F5BD618014CAF831D47E4432 /* APIEndpoint.swift in Sources */ = {isa = PBXBuildFile; fileRef = D056A8A38E30020CE919701F /* APIEndpoint.swift */; };
/* End PBXBuildFile section */

/* Begin PBXContainerItemProxy section */
		B60970702D536DB10032F4CF /* PBXContainerItemProxy */ = {
			isa = PBXContainerItemProxy;
			containerPortal = 6A356F582BDDBBAA6E9B2053 /* Project object */;
			proxyType = 1;
			remoteGlobalIDString = C27B3F9F51FB83E74F6C27FC;
			remoteInfo = CloneTwitter;
		};
/* End PBXContainerItemProxy section */

/* Begin PBXFileReference section */
		04C8476A723818B1DA44336C /* CustomAuthTextField.swift */ = {isa = PBXFileReference; lastKnownFileType = sourcecode.swift; path = CustomAuthTextField.swift; sourceTree = "<group>"; };
		054016E8D66F1B4C82E6B5D0 /* File.xml */ = {isa = PBXFileReference; lastKnownFileType = text.xml; path = File.xml; sourceTree = "<group>"; };
		09EE9D64F86BC27946547B09 /* SearchView.swift */ = {isa = PBXFileReference; lastKnownFileType = sourcecode.swift; path = SearchView.swift; sourceTree = "<group>"; };
		0D141C2AC2D72783C5DD6D3B /* MessagesView.swift */ = {isa = PBXFileReference; lastKnownFileType = sourcecode.swift; path = MessagesView.swift; sourceTree = "<group>"; };
		13D01F1F05E5664C512C631B /* AuthUITests.swift */ = {isa = PBXFileReference; lastKnownFileType = sourcecode.swift; path = AuthUITests.swift; sourceTree = "<group>"; };
		16A96C0572F431B61D819EFF /* LoginView.swift */ = {isa = PBXFileReference; lastKnownFileType = sourcecode.swift; path = LoginView.swift; sourceTree = "<group>"; };
		190E67541B7057956D5FEAE1 /* TweetCellViewModel.swift */ = {isa = PBXFileReference; lastKnownFileType = sourcecode.swift; path = TweetCellViewModel.swift; sourceTree = "<group>"; };
		1FD41AD84A58A6CD62269C35 /* CustomProfileTextField.swift */ = {isa = PBXFileReference; lastKnownFileType = sourcecode.swift; path = CustomProfileTextField.swift; sourceTree = "<group>"; };
		21E3914C4587AB9AE684B803 /* FeedViewModel.swift */ = {isa = PBXFileReference; lastKnownFileType = sourcecode.swift; path = FeedViewModel.swift; sourceTree = "<group>"; };
		2243DED1F2DF67E8424A091D /* UserDefaultsStore.swift */ = {isa = PBXFileReference; lastKnownFileType = sourcecode.swift; path = UserDefaultsStore.swift; sourceTree = "<group>"; };
		26C46E8C249AAB8C57C0E9D0 /* NetworkError.swift */ = {isa = PBXFileReference; lastKnownFileType = sourcecode.swift; path = NetworkError.swift; sourceTree = "<group>"; };
		2F6EF50FEDC1A4E2DDAC6AF3 /* BlurView.swift */ = {isa = PBXFileReference; lastKnownFileType = sourcecode.swift; path = BlurView.swift; sourceTree = "<group>"; };
		361F150618D0D0F322A15E6E /* SearchViewModel.swift */ = {isa = PBXFileReference; lastKnownFileType = sourcecode.swift; path = SearchViewModel.swift; sourceTree = "<group>"; };
		3EEAC94C4DC0E8ECCA2BC71D /* CreateTweetView.swift */ = {isa = PBXFileReference; lastKnownFileType = sourcecode.swift; path = CreateTweetView.swift; sourceTree = "<group>"; };
		4213E06F3CCA243298091A66 /* KeychainStore.swift */ = {isa = PBXFileReference; lastKnownFileType = sourcecode.swift; path = KeychainStore.swift; sourceTree = "<group>"; };
		47D29BEB8668FC73D22D28DB /* NotificationCell.swift */ = {isa = PBXFileReference; lastKnownFileType = sourcecode.swift; path = NotificationCell.swift; sourceTree = "<group>"; };
		5CFC4E1CF5604E79DFA6473C /* User.swift */ = {isa = PBXFileReference; lastKnownFileType = sourcecode.swift; path = User.swift; sourceTree = "<group>"; };
		61B39B8D904517C1C32AF91D /* AuthViewModel.swift */ = {isa = PBXFileReference; lastKnownFileType = sourcecode.swift; path = AuthViewModel.swift; sourceTree = "<group>"; };
		63FDE8CB94466263E5586230 /* NotificationsViewModel.swift */ = {isa = PBXFileReference; lastKnownFileType = sourcecode.swift; path = NotificationsViewModel.swift; sourceTree = "<group>"; };
		68D8F78BD2DBA4CEA50A7489 /* HTTPMethod.swift */ = {isa = PBXFileReference; lastKnownFileType = sourcecode.swift; path = HTTPMethod.swift; sourceTree = "<group>"; };
		6C5311BA0064FFA2B4CFAA06 /* SlideMenu.swift */ = {isa = PBXFileReference; lastKnownFileType = sourcecode.swift; path = SlideMenu.swift; sourceTree = "<group>"; };
		70AD785820AC3698B784794C /* SearchCell.swift */ = {isa = PBXFileReference; lastKnownFileType = sourcecode.swift; path = SearchCell.swift; sourceTree = "<group>"; };
		7188F8E9AB9164360AE3A37D /* NotificationsView.swift */ = {isa = PBXFileReference; lastKnownFileType = sourcecode.swift; path = NotificationsView.swift; sourceTree = "<group>"; };
		7352DB6F1062A3887691EE77 /* RegisterView.swift */ = {isa = PBXFileReference; lastKnownFileType = sourcecode.swift; path = RegisterView.swift; sourceTree = "<group>"; };
		7B445C262055D63E94318C9C /* authService.swift */ = {isa = PBXFileReference; lastKnownFileType = sourcecode.swift; path = authService.swift; sourceTree = "<group>"; };
		80F8D8FC4DFA11F5C657C942 /* Notification.swift */ = {isa = PBXFileReference; lastKnownFileType = sourcecode.swift; path = Notification.swift; sourceTree = "<group>"; };
		897C6D1F772896D5B3AD1736 /* File.midi */ = {isa = PBXFileReference; lastKnownFileType = audio.midi; path = File.midi; sourceTree = "<group>"; };
		8AE05B2033693022A0786778 /* DIContainer.swift */ = {isa = PBXFileReference; lastKnownFileType = sourcecode.swift; path = DIContainer.swift; sourceTree = "<group>"; };
		948E51776C95105DFE7544F7 /* FeedView.swift */ = {isa = PBXFileReference; lastKnownFileType = sourcecode.swift; path = FeedView.swift; sourceTree = "<group>"; };
		971F650FD73A2B597D238C61 /* WelcomeView.swift */ = {isa = PBXFileReference; lastKnownFileType = sourcecode.swift; path = WelcomeView.swift; sourceTree = "<group>"; };
		979A81E1FD0D5767C968969D /* CloneTwitter.app */ = {isa = PBXFileReference; includeInIndex = 0; lastKnownFileType = wrapper.application; path = CloneTwitter.app; sourceTree = BUILT_PRODUCTS_DIR; };
		98434D9C45F2C79E0C7C6FCE /* APIConfig.swift */ = {isa = PBXFileReference; lastKnownFileType = sourcecode.swift; path = APIConfig.swift; sourceTree = "<group>"; };
		9AA9FCB15D50C2E2927588E2 /* AuthTests.swift */ = {isa = PBXFileReference; lastKnownFileType = sourcecode.swift; path = AuthTests.swift; sourceTree = "<group>"; };
		9DBEE20D17477DDC9CB612AB /* ProfileViewModel.swift */ = {isa = PBXFileReference; lastKnownFileType = sourcecode.swift; path = ProfileViewModel.swift; sourceTree = "<group>"; };
		9EE7532C0F39B842F91C343E /* APIClient.swift */ = {isa = PBXFileReference; lastKnownFileType = sourcecode.swift; path = APIClient.swift; sourceTree = "<group>"; };
		9FF3766CA156205490C9B9D4 /* SecureAuthTextField.swift */ = {isa = PBXFileReference; lastKnownFileType = sourcecode.swift; path = SecureAuthTextField.swift; sourceTree = "<group>"; };
		A2B85D4169C23AC0BD82EAF8 /* MultilineTextField.swift */ = {isa = PBXFileReference; lastKnownFileType = sourcecode.swift; path = MultilineTextField.swift; sourceTree = "<group>"; };
		A4F78A7A3E204C9B5D7EC5F7 /* ImagePicker.swift */ = {isa = PBXFileReference; lastKnownFileType = sourcecode.swift; path = ImagePicker.swift; sourceTree = "<group>"; };
		A7D3EF8DAE5F093C855BC95A /* Tweet.swift */ = {isa = PBXFileReference; lastKnownFileType = sourcecode.swift; path = Tweet.swift; sourceTree = "<group>"; };
		AD1DF4DAA4A20E1031CE4B65 /* Chinese.strings */ = {isa = PBXFileReference; lastKnownFileType = text.plist.strings; path = Chinese.strings; sourceTree = "<group>"; };
		AD7746183D7593D7C3B66E93 /* EditProfileViewModel.swift */ = {isa = PBXFileReference; lastKnownFileType = sourcecode.swift; path = EditProfileViewModel.swift; sourceTree = "<group>"; };
		AE40C32AC8123DD59F172FB7 /* Resources.swift */ = {isa = PBXFileReference; lastKnownFileType = sourcecode.swift; path = Resources.swift; sourceTree = "<group>"; };
		B14BF60AC679063093FADE5A /* MessageCell.swift */ = {isa = PBXFileReference; lastKnownFileType = sourcecode.swift; path = MessageCell.swift; sourceTree = "<group>"; };
		B609706C2D536DB10032F4CF /* CloneTwitterTests.xctest */ = {isa = PBXFileReference; explicitFileType = wrapper.cfbundle; includeInIndex = 0; path = CloneTwitterTests.xctest; sourceTree = BUILT_PRODUCTS_DIR; };
		B609707A2D53794B0032F4CF /* App.swift */ = {isa = PBXFileReference; lastKnownFileType = sourcecode.swift; path = App.swift; sourceTree = "<group>"; };
		B609707C2D5385890032F4CF /* AuthState.swift */ = {isa = PBXFileReference; lastKnownFileType = sourcecode.swift; path = AuthState.swift; sourceTree = "<group>"; };
		B609707F2D539D910032F4CF /* AuthStateTests.swift */ = {isa = PBXFileReference; fileEncoding = 4; lastKnownFileType = sourcecode.swift; path = AuthStateTests.swift; sourceTree = "<group>"; };
		B60970822D53A03E0032F4CF /* TweetService.swift */ = {isa = PBXFileReference; lastKnownFileType = sourcecode.swift; path = TweetService.swift; sourceTree = "<group>"; };
		B60970842D54514F0032F4CF /* ProfileEndpoint.swift */ = {isa = PBXFileReference; lastKnownFileType = sourcecode.swift; path = ProfileEndpoint.swift; sourceTree = "<group>"; };
		B60970862D5451E00032F4CF /* ProfileServiceProtocol..swift */ = {isa = PBXFileReference; lastKnownFileType = sourcecode.swift; path = ProfileServiceProtocol..swift; sourceTree = "<group>"; };
		B60970882D5644520032F4CF /* NotificationService.swift */ = {isa = PBXFileReference; fileEncoding = 4; lastKnownFileType = sourcecode.swift; path = NotificationService.swift; sourceTree = "<group>"; };
		B60970892D5644520032F4CF /* NotificationEndpoint.swift */ = {isa = PBXFileReference; fileEncoding = 4; lastKnownFileType = sourcecode.swift; path = NotificationEndpoint.swift; sourceTree = "<group>"; };
		BBCC4AAE9275D72F7B097B96 /* AuthenticationView.swift */ = {isa = PBXFileReference; lastKnownFileType = sourcecode.swift; path = AuthenticationView.swift; sourceTree = "<group>"; };
		BCD7898679A5681A2D7F6645 /* NetworkMonitor.swift */ = {isa = PBXFileReference; lastKnownFileType = sourcecode.swift; path = NetworkMonitor.swift; sourceTree = "<group>"; };
		C2AECAD09846AD417141E19A /* NetworkTests.swift */ = {isa = PBXFileReference; lastKnownFileType = sourcecode.swift; path = NetworkTests.swift; sourceTree = "<group>"; };
		C4AC767E3FCB27E464F9612A /* SettingsView.swift */ = {isa = PBXFileReference; lastKnownFileType = sourcecode.swift; path = SettingsView.swift; sourceTree = "<group>"; };
		CE82B213CC21FC9F7459A346 /* TopBar.swift */ = {isa = PBXFileReference; lastKnownFileType = sourcecode.swift; path = TopBar.swift; sourceTree = "<group>"; };
		D03B69E61F26A92CC017CDE1 /* ProfileView.swift */ = {isa = PBXFileReference; lastKnownFileType = sourcecode.swift; path = ProfileView.swift; sourceTree = "<group>"; };
		D056A8A38E30020CE919701F /* APIEndpoint.swift */ = {isa = PBXFileReference; lastKnownFileType = sourcecode.swift; path = APIEndpoint.swift; sourceTree = "<group>"; };
		D1C453EC586A0665020D9A19 /* TweetCellView.swift */ = {isa = PBXFileReference; lastKnownFileType = sourcecode.swift; path = TweetCellView.swift; sourceTree = "<group>"; };
		D2A7B61C5B6403D33EC4FC6B /* English.strings */ = {isa = PBXFileReference; lastKnownFileType = text.plist.strings; path = English.strings; sourceTree = "<group>"; };
		DC7A55A39F786A0824ED647E /* Media.xcassets */ = {isa = PBXFileReference; lastKnownFileType = folder.assetcatalog; path = Media.xcassets; sourceTree = "<group>"; };
		DFEE166D9407A99E451AF8FC /* MainView.swift */ = {isa = PBXFileReference; lastKnownFileType = sourcecode.swift; path = MainView.swift; sourceTree = "<group>"; };
		E2E2935F2EB61054A084D790 /* SearchBar.swift */ = {isa = PBXFileReference; lastKnownFileType = sourcecode.swift; path = SearchBar.swift; sourceTree = "<group>"; };
		E32DBD8DBA68E4D40E420616 /* ContentView.swift */ = {isa = PBXFileReference; lastKnownFileType = sourcecode.swift; path = ContentView.swift; sourceTree = "<group>"; };
		E340CE3CF26FFEAB4FAEA1EF /* Home.swift */ = {isa = PBXFileReference; lastKnownFileType = sourcecode.swift; path = Home.swift; sourceTree = "<group>"; };
		E34EDAA091F359E1F459F762 /* EditProfileView.swift */ = {isa = PBXFileReference; lastKnownFileType = sourcecode.swift; path = EditProfileView.swift; sourceTree = "<group>"; };
		E51E0F8EDF7FDAED6B4FD01B /* DIContainerTests.swift */ = {isa = PBXFileReference; lastKnownFileType = sourcecode.swift; path = DIContainerTests.swift; sourceTree = "<group>"; };
		E5430286394D9E629A5EAA1D /* CreateTweetViewModel.swift */ = {isa = PBXFileReference; lastKnownFileType = sourcecode.swift; path = CreateTweetViewModel.swift; sourceTree = "<group>"; };
		ECC92E6AFC831E4B3659BBE5 /* ImageUploader.swift */ = {isa = PBXFileReference; lastKnownFileType = sourcecode.swift; path = ImageUploader.swift; sourceTree = "<group>"; };
		EE374A171296AD224D1BF1C8 /* APIClientTests.swift */ = {isa = PBXFileReference; lastKnownFileType = sourcecode.swift; path = APIClientTests.swift; sourceTree = "<group>"; };
/* End PBXFileReference section */

/* Begin PBXFrameworksBuildPhase section */
		5B055487384153AA10CA0558 /* Frameworks */ = {
			isa = PBXFrameworksBuildPhase;
			buildActionMask = 2147483647;
			files = (
				E16BAA03AFFD15D83F4BC746 /* Inject in Frameworks */,
				A34912A405C139CF84C053D5 /* Kingfisher in Frameworks */,
			);
			runOnlyForDeploymentPostprocessing = 0;
		};
		B60970692D536DB10032F4CF /* Frameworks */ = {
			isa = PBXFrameworksBuildPhase;
			buildActionMask = 2147483647;
			files = (
			);
			runOnlyForDeploymentPostprocessing = 0;
		};
/* End PBXFrameworksBuildPhase section */

/* Begin PBXGroup section */
		09A9C0252C721E7EF56CFFDA /* ViewModels */ = {
			isa = PBXGroup;
			children = (
				E5430286394D9E629A5EAA1D /* CreateTweetViewModel.swift */,
				21E3914C4587AB9AE684B803 /* FeedViewModel.swift */,
				190E67541B7057956D5FEAE1 /* TweetCellViewModel.swift */,
			);
			path = ViewModels;
			sourceTree = "<group>";
		};
		1574DDA000F631A7909F36CB /* Keychain */ = {
			isa = PBXGroup;
			children = (
				4213E06F3CCA243298091A66 /* KeychainStore.swift */,
			);
			path = Keychain;
			sourceTree = "<group>";
		};
		16B4E742B9DEFF2A707833D5 /* Views */ = {
			isa = PBXGroup;
			children = (
				47D29BEB8668FC73D22D28DB /* NotificationCell.swift */,
				7188F8E9AB9164360AE3A37D /* NotificationsView.swift */,
			);
			path = Views;
			sourceTree = "<group>";
		};
		2BE71C0F095B25280F263919 /* Services */ = {
			isa = PBXGroup;
			children = (
				7B445C262055D63E94318C9C /* authService.swift */,
			);
			path = Services;
			sourceTree = "<group>";
		};
		3350DCC39FBF56073A8462F2 /* Common */ = {
			isa = PBXGroup;
			children = (
				93511CD31631A0C00BCDDFAE /* Extensions */,
			);
			path = Common;
			sourceTree = "<group>";
		};
		385F180B34AE78B81F6E2BAD /* Notifications */ = {
			isa = PBXGroup;
			children = (
				63506E39555F12C6C161F6F9 /* Models */,
				CF2DB1EF382F817FCB28EE29 /* Services */,
				E6FE1CC2AF0C1DB10E7EEF89 /* ViewModels */,
				16B4E742B9DEFF2A707833D5 /* Views */,
			);
			path = Notifications;
			sourceTree = "<group>";
		};
		4F2B8CFC1355F01E7F9F6512 = {
			isa = PBXGroup;
			children = (
				94FA43368E60EFD48E052399 /* Sources */,
				BA1708FAE21C3DBB6D4A7898 /* Products */,
			);
			sourceTree = "<group>";
		};
		523CD71BECC53699554ABD96 /* Network */ = {
			isa = PBXGroup;
			children = (
				EE374A171296AD224D1BF1C8 /* APIClientTests.swift */,
			);
			path = Network;
			sourceTree = "<group>";
		};
		59DF8E258B2A8C4C82DF2EC1 /* ViewModels */ = {
			isa = PBXGroup;
			children = (
				361F150618D0D0F322A15E6E /* SearchViewModel.swift */,
			);
			path = ViewModels;
			sourceTree = "<group>";
		};
		5B98BC043A7146D5361EFC7D /* Main */ = {
			isa = PBXGroup;
			children = (
				69E5350703375ED09FF8E340 /* Views */,
			);
			path = Main;
			sourceTree = "<group>";
		};
		63506E39555F12C6C161F6F9 /* Models */ = {
			isa = PBXGroup;
			children = (
				80F8D8FC4DFA11F5C657C942 /* Notification.swift */,
			);
			path = Models;
			sourceTree = "<group>";
		};
		6931DAE9B2EC242F727F6250 /* Messages */ = {
			isa = PBXGroup;
			children = (
				B14BF60AC679063093FADE5A /* MessageCell.swift */,
				0D141C2AC2D72783C5DD6D3B /* MessagesView.swift */,
			);
			path = Messages;
			sourceTree = "<group>";
		};
		69E5350703375ED09FF8E340 /* Views */ = {
			isa = PBXGroup;
			children = (
				E340CE3CF26FFEAB4FAEA1EF /* Home.swift */,
				DFEE166D9407A99E451AF8FC /* MainView.swift */,
				A2B85D4169C23AC0BD82EAF8 /* MultilineTextField.swift */,
				C4AC767E3FCB27E464F9612A /* SettingsView.swift */,
				6C5311BA0064FFA2B4CFAA06 /* SlideMenu.swift */,
				CE82B213CC21FC9F7459A346 /* TopBar.swift */,
			);
			path = Views;
			sourceTree = "<group>";
		};
		737F7AC14EE00C8941474984 /* Profile */ = {
			isa = PBXGroup;
			children = (
				A8B99AEB44D1A840C970A053 /* Services */,
				7DB5D159678098C8E05D7BF3 /* ViewModels */,
				756EEDE398826DC2D5BADAE8 /* Views */,
			);
			path = Profile;
			sourceTree = "<group>";
		};
		756EEDE398826DC2D5BADAE8 /* Views */ = {
			isa = PBXGroup;
			children = (
				2F6EF50FEDC1A4E2DDAC6AF3 /* BlurView.swift */,
				1FD41AD84A58A6CD62269C35 /* CustomProfileTextField.swift */,
				E34EDAA091F359E1F459F762 /* EditProfileView.swift */,
				D03B69E61F26A92CC017CDE1 /* ProfileView.swift */,
			);
			path = Views;
			sourceTree = "<group>";
		};
		76CC1D93CF16D56DF54A7BB4 /* App */ = {
			isa = PBXGroup;
			children = (
				E51E0F8EDF7FDAED6B4FD01B /* DIContainerTests.swift */,
			);
			path = App;
			sourceTree = "<group>";
		};
		7A90472C0E3A9A737CCEB038 /* UITests */ = {
			isa = PBXGroup;
			children = (
				13D01F1F05E5664C512C631B /* AuthUITests.swift */,
			);
			path = UITests;
			sourceTree = "<group>";
		};
		7C0F2B55A060A9A58A2B4509 /* Localization */ = {
			isa = PBXGroup;
			children = (
				AD1DF4DAA4A20E1031CE4B65 /* Chinese.strings */,
				D2A7B61C5B6403D33EC4FC6B /* English.strings */,
			);
			path = Localization;
			sourceTree = "<group>";
		};
		7DB5D159678098C8E05D7BF3 /* ViewModels */ = {
			isa = PBXGroup;
			children = (
				AD7746183D7593D7C3B66E93 /* EditProfileViewModel.swift */,
				9DBEE20D17477DDC9CB612AB /* ProfileViewModel.swift */,
			);
			path = ViewModels;
			sourceTree = "<group>";
		};
		8297CC9C54CEABE5708E57AC /* Views */ = {
			isa = PBXGroup;
			children = (
				3EEAC94C4DC0E8ECCA2BC71D /* CreateTweetView.swift */,
				948E51776C95105DFE7544F7 /* FeedView.swift */,
				D1C453EC586A0665020D9A19 /* TweetCellView.swift */,
			);
			path = Views;
			sourceTree = "<group>";
		};
		8766C9606EE9484A9C7599C9 /* Views */ = {
			isa = PBXGroup;
			children = (
				BBCC4AAE9275D72F7B097B96 /* AuthenticationView.swift */,
				04C8476A723818B1DA44336C /* CustomAuthTextField.swift */,
				16A96C0572F431B61D819EFF /* LoginView.swift */,
				7352DB6F1062A3887691EE77 /* RegisterView.swift */,
				9FF3766CA156205490C9B9D4 /* SecureAuthTextField.swift */,
				971F650FD73A2B597D238C61 /* WelcomeView.swift */,
			);
			path = Views;
			sourceTree = "<group>";
		};
		87ED2E26FEBD50F240F12350 /* Storage */ = {
			isa = PBXGroup;
			children = (
				1574DDA000F631A7909F36CB /* Keychain */,
				A9E01C4D9602600ED633F40D /* UserDefaults */,
			);
			path = Storage;
			sourceTree = "<group>";
		};
		93511CD31631A0C00BCDDFAE /* Extensions */ = {
			isa = PBXGroup;
			children = (
				A4F78A7A3E204C9B5D7EC5F7 /* ImagePicker.swift */,
			);
			path = Extensions;
			sourceTree = "<group>";
		};
		94FA43368E60EFD48E052399 /* Sources */ = {
			isa = PBXGroup;
			children = (
				A3158D0F636A7E115339242C /* App */,
				D6EAE2A7B627F4E9AEFD9E37 /* Core */,
				A5D7A16D64F316CB4ED0B28B /* Features */,
				E0B70B05588D7B9230526870 /* Resources */,
				D5687E6C6D2E64AF07D65B1F /* Tests */,
			);
			path = Sources;
			sourceTree = "<group>";
		};
		9C8D01637947C5A82A93FB7A /* Search */ = {
			isa = PBXGroup;
			children = (
				C0F83360DB815B21E698435F /* Services */,
				59DF8E258B2A8C4C82DF2EC1 /* ViewModels */,
				E03B3AB651787A4E73D5D9B1 /* Views */,
			);
			path = Search;
			sourceTree = "<group>";
		};
		A30C4BB08E99242B279B6199 /* Services */ = {
			isa = PBXGroup;
			children = (
				B60970822D53A03E0032F4CF /* TweetService.swift */,
			);
			path = Services;
			sourceTree = "<group>";
		};
		A3158D0F636A7E115339242C /* App */ = {
			isa = PBXGroup;
			children = (
				E32DBD8DBA68E4D40E420616 /* ContentView.swift */,
				8AE05B2033693022A0786778 /* DIContainer.swift */,
				B609707A2D53794B0032F4CF /* App.swift */,
			);
			path = App;
			sourceTree = "<group>";
		};
		A5D7A16D64F316CB4ED0B28B /* Features */ = {
			isa = PBXGroup;
			children = (
				EB3AFDE6C563B20588C5C9EF /* Auth */,
				F666EC842DAF44BEAFB7F473 /* Feed */,
				5B98BC043A7146D5361EFC7D /* Main */,
				6931DAE9B2EC242F727F6250 /* Messages */,
				385F180B34AE78B81F6E2BAD /* Notifications */,
				737F7AC14EE00C8941474984 /* Profile */,
				9C8D01637947C5A82A93FB7A /* Search */,
			);
			path = Features;
			sourceTree = "<group>";
		};
		A676BDFA6CD0E9F3E1E1EEAA /* UnitTests */ = {
			isa = PBXGroup;
			children = (
				9AA9FCB15D50C2E2927588E2 /* AuthTests.swift */,
				C2AECAD09846AD417141E19A /* NetworkTests.swift */,
				76CC1D93CF16D56DF54A7BB4 /* App */,
				523CD71BECC53699554ABD96 /* Network */,
			);
			path = UnitTests;
			sourceTree = "<group>";
		};
		A8B99AEB44D1A840C970A053 /* Services */ = {
			isa = PBXGroup;
			children = (
				B60970862D5451E00032F4CF /* ProfileServiceProtocol..swift */,
			);
			path = Services;
			sourceTree = "<group>";
		};
		A9E01C4D9602600ED633F40D /* UserDefaults */ = {
			isa = PBXGroup;
			children = (
				2243DED1F2DF67E8424A091D /* UserDefaultsStore.swift */,
			);
			path = UserDefaults;
			sourceTree = "<group>";
		};
		B609707E2D539D910032F4CF /* ViewModels */ = {
			isa = PBXGroup;
			children = (
				B609707F2D539D910032F4CF /* AuthStateTests.swift */,
			);
			name = ViewModels;
			path = UnitTests/ViewModels;
			sourceTree = "<group>";
		};
		BA1708FAE21C3DBB6D4A7898 /* Products */ = {
			isa = PBXGroup;
			children = (
				979A81E1FD0D5767C968969D /* CloneTwitter.app */,
				B609706C2D536DB10032F4CF /* CloneTwitterTests.xctest */,
			);
			name = Products;
			sourceTree = "<group>";
		};
		C0F83360DB815B21E698435F /* Services */ = {
			isa = PBXGroup;
			children = (
			);
			path = Services;
			sourceTree = "<group>";
		};
		C87D3ED11301737356668F69 /* ViewModels */ = {
			isa = PBXGroup;
			children = (
				61B39B8D904517C1C32AF91D /* AuthViewModel.swift */,
				B609707C2D5385890032F4CF /* AuthState.swift */,
			);
			path = ViewModels;
			sourceTree = "<group>";
		};
		CF2DB1EF382F817FCB28EE29 /* Services */ = {
			isa = PBXGroup;
			children = (
				B60970892D5644520032F4CF /* NotificationEndpoint.swift */,
				B60970882D5644520032F4CF /* NotificationService.swift */,
			);
			path = Services;
			sourceTree = "<group>";
		};
		D5687E6C6D2E64AF07D65B1F /* Tests */ = {
			isa = PBXGroup;
			children = (
				B609707E2D539D910032F4CF /* ViewModels */,
				7A90472C0E3A9A737CCEB038 /* UITests */,
				A676BDFA6CD0E9F3E1E1EEAA /* UnitTests */,
			);
			path = Tests;
			sourceTree = "<group>";
		};
		D6EAE2A7B627F4E9AEFD9E37 /* Core */ = {
			isa = PBXGroup;
			children = (
				3350DCC39FBF56073A8462F2 /* Common */,
				F2784F704F709C590F1DDC80 /* Legacy */,
				EA3556163972AF0F30827CB7 /* Network */,
				87ED2E26FEBD50F240F12350 /* Storage */,
			);
			path = Core;
			sourceTree = "<group>";
		};
		D71C3E04681FEAED459FC51F /* Models */ = {
			isa = PBXGroup;
			children = (
				5CFC4E1CF5604E79DFA6473C /* User.swift */,
			);
			path = Models;
			sourceTree = "<group>";
		};
		DB8387DCD5D27B0E5CF51D19 /* Base */ = {
			isa = PBXGroup;
			children = (
				9EE7532C0F39B842F91C343E /* APIClient.swift */,
				D056A8A38E30020CE919701F /* APIEndpoint.swift */,
				B60970842D54514F0032F4CF /* ProfileEndpoint.swift */,
				68D8F78BD2DBA4CEA50A7489 /* HTTPMethod.swift */,
				26C46E8C249AAB8C57C0E9D0 /* NetworkError.swift */,
			);
			path = Base;
			sourceTree = "<group>";
		};
		E03B3AB651787A4E73D5D9B1 /* Views */ = {
			isa = PBXGroup;
			children = (
				E2E2935F2EB61054A084D790 /* SearchBar.swift */,
				70AD785820AC3698B784794C /* SearchCell.swift */,
				09EE9D64F86BC27946547B09 /* SearchView.swift */,
			);
			path = Views;
			sourceTree = "<group>";
		};
		E0B70B05588D7B9230526870 /* Resources */ = {
			isa = PBXGroup;
			children = (
				897C6D1F772896D5B3AD1736 /* File.midi */,
				054016E8D66F1B4C82E6B5D0 /* File.xml */,
				DC7A55A39F786A0824ED647E /* Media.xcassets */,
				AE40C32AC8123DD59F172FB7 /* Resources.swift */,
				7C0F2B55A060A9A58A2B4509 /* Localization */,
			);
			path = Resources;
			sourceTree = "<group>";
		};
		E20E9D3511F3F3FA398CBD78 /* Models */ = {
			isa = PBXGroup;
			children = (
				A7D3EF8DAE5F093C855BC95A /* Tweet.swift */,
			);
			path = Models;
			sourceTree = "<group>";
		};
		E382A3A14386A2EF53A831EF /* Config */ = {
			isa = PBXGroup;
			children = (
				98434D9C45F2C79E0C7C6FCE /* APIConfig.swift */,
				BCD7898679A5681A2D7F6645 /* NetworkMonitor.swift */,
			);
			path = Config;
			sourceTree = "<group>";
		};
		E6FE1CC2AF0C1DB10E7EEF89 /* ViewModels */ = {
			isa = PBXGroup;
			children = (
				63FDE8CB94466263E5586230 /* NotificationsViewModel.swift */,
			);
			path = ViewModels;
			sourceTree = "<group>";
		};
		EA3556163972AF0F30827CB7 /* Network */ = {
			isa = PBXGroup;
			children = (
				DB8387DCD5D27B0E5CF51D19 /* Base */,
				E382A3A14386A2EF53A831EF /* Config */,
			);
			path = Network;
			sourceTree = "<group>";
		};
		EB3AFDE6C563B20588C5C9EF /* Auth */ = {
			isa = PBXGroup;
			children = (
				D71C3E04681FEAED459FC51F /* Models */,
				2BE71C0F095B25280F263919 /* Services */,
				C87D3ED11301737356668F69 /* ViewModels */,
				8766C9606EE9484A9C7599C9 /* Views */,
			);
			path = Auth;
			sourceTree = "<group>";
		};
		F2784F704F709C590F1DDC80 /* Legacy */ = {
			isa = PBXGroup;
			children = (
				ECC92E6AFC831E4B3659BBE5 /* ImageUploader.swift */,
			);
			path = Legacy;
			sourceTree = "<group>";
		};
		F666EC842DAF44BEAFB7F473 /* Feed */ = {
			isa = PBXGroup;
			children = (
				E20E9D3511F3F3FA398CBD78 /* Models */,
				A30C4BB08E99242B279B6199 /* Services */,
				09A9C0252C721E7EF56CFFDA /* ViewModels */,
				8297CC9C54CEABE5708E57AC /* Views */,
			);
			path = Feed;
			sourceTree = "<group>";
		};
/* End PBXGroup section */

/* Begin PBXNativeTarget section */
		B609706B2D536DB10032F4CF /* CloneTwitterTests */ = {
			isa = PBXNativeTarget;
			buildConfigurationList = B60970742D536DB10032F4CF /* Build configuration list for PBXNativeTarget "CloneTwitterTests" */;
			buildPhases = (
				B60970682D536DB10032F4CF /* Sources */,
				B60970692D536DB10032F4CF /* Frameworks */,
				B609706A2D536DB10032F4CF /* Resources */,
			);
			buildRules = (
			);
			dependencies = (
				B60970712D536DB10032F4CF /* PBXTargetDependency */,
			);
			name = CloneTwitterTests;
			productName = CloneTwitterTests;
			productReference = B609706C2D536DB10032F4CF /* CloneTwitterTests.xctest */;
			productType = "com.apple.product-type.bundle.unit-test";
		};
		C27B3F9F51FB83E74F6C27FC /* CloneTwitter */ = {
			isa = PBXNativeTarget;
			buildConfigurationList = 486A76791A5156B6E4965F94 /* Build configuration list for PBXNativeTarget "CloneTwitter" */;
			buildPhases = (
				0B29015413D8120421ACAE93 /* Sources */,
				160B7C066B7F33EC5368122C /* Resources */,
				5B055487384153AA10CA0558 /* Frameworks */,
			);
			buildRules = (
			);
			dependencies = (
			);
			name = CloneTwitter;
			packageProductDependencies = (
				9B0B58CBFF7A3CD52A750FEA /* Inject */,
				2F8CF08C447FD6655E14096D /* Kingfisher */,
			);
			productName = CloneTwitter;
			productReference = 979A81E1FD0D5767C968969D /* CloneTwitter.app */;
			productType = "com.apple.product-type.application";
		};
/* End PBXNativeTarget section */

/* Begin PBXProject section */
		6A356F582BDDBBAA6E9B2053 /* Project object */ = {
			isa = PBXProject;
			attributes = {
				BuildIndependentTargetsInParallel = YES;
				LastSwiftUpdateCheck = 1510;
				LastUpgradeCheck = 1510;
				TargetAttributes = {
					B609706B2D536DB10032F4CF = {
						CreatedOnToolsVersion = 15.1;
						TestTargetID = C27B3F9F51FB83E74F6C27FC;
					};
					C27B3F9F51FB83E74F6C27FC = {
						DevelopmentTeam = 38XZHDQFX8;
					};
				};
			};
			buildConfigurationList = B574828F14A673FEA8A2923F /* Build configuration list for PBXProject "CloneTwitter" */;
			compatibilityVersion = "Xcode 14.0";
			developmentRegion = en;
			hasScannedForEncodings = 0;
			knownRegions = (
				Base,
				en,
			);
			mainGroup = 4F2B8CFC1355F01E7F9F6512;
			packageReferences = (
				6275C856CD1EBAB96E18532D /* XCRemoteSwiftPackageReference "Inject" */,
				B4730735FA39F7B010602CFB /* XCRemoteSwiftPackageReference "Kingfisher" */,
			);
			projectDirPath = "";
			projectRoot = "";
			targets = (
				C27B3F9F51FB83E74F6C27FC /* CloneTwitter */,
				B609706B2D536DB10032F4CF /* CloneTwitterTests */,
			);
		};
/* End PBXProject section */

/* Begin PBXResourcesBuildPhase section */
		160B7C066B7F33EC5368122C /* Resources */ = {
			isa = PBXResourcesBuildPhase;
			buildActionMask = 2147483647;
			files = (
				576E5B609E03625FFEBEEAC8 /* Chinese.strings in Resources */,
				5889689E27A1592215C90BF5 /* English.strings in Resources */,
				559FF8AFC1C40C83C5C73A11 /* File.midi in Resources */,
				224047DD3EE85ECD6AF106D5 /* File.xml in Resources */,
				9800B848E68D814BFCE8CA57 /* Media.xcassets in Resources */,
			);
			runOnlyForDeploymentPostprocessing = 0;
		};
		B609706A2D536DB10032F4CF /* Resources */ = {
			isa = PBXResourcesBuildPhase;
			buildActionMask = 2147483647;
			files = (
			);
			runOnlyForDeploymentPostprocessing = 0;
		};
/* End PBXResourcesBuildPhase section */

/* Begin PBXSourcesBuildPhase section */
		0B29015413D8120421ACAE93 /* Sources */ = {
			isa = PBXSourcesBuildPhase;
			buildActionMask = 2147483647;
			files = (
				D083743D5A289AE1EA1CC99F /* APIClient.swift in Sources */,
				0DC7DDE2F6AD950C536C467C /* APIConfig.swift in Sources */,
				F5BD618014CAF831D47E4432 /* APIEndpoint.swift in Sources */,
				A3255C675D0B3559EDD12415 /* AuthViewModel.swift in Sources */,
				021CA03EDFAA691B6EB4CDB2 /* AuthenticationView.swift in Sources */,
				7C55E95293106EE806379032 /* BlurView.swift in Sources */,
				B60970832D53A03E0032F4CF /* TweetService.swift in Sources */,
				5359609EC63BA2917D3F3721 /* ContentView.swift in Sources */,
				C68B29F427476AD1D169FD1C /* CreateTweetView.swift in Sources */,
				B60970872D5451E00032F4CF /* ProfileServiceProtocol..swift in Sources */,
				B609707B2D53794B0032F4CF /* App.swift in Sources */,
				691AB3F11ABBB35A7E8D6754 /* CreateTweetViewModel.swift in Sources */,
				A5D0225C35E129B2A6A34178 /* CustomAuthTextField.swift in Sources */,
				740E038E9254CE9DF52E8663 /* CustomProfileTextField.swift in Sources */,
				6FDB19B7ED93FC0A6126E7A2 /* DIContainer.swift in Sources */,
				575D3F3D92D7F56AA224A523 /* EditProfileView.swift in Sources */,
				B609708B2D5644520032F4CF /* NotificationEndpoint.swift in Sources */,
				F110EC05AA0342C62CE0B4FD /* EditProfileViewModel.swift in Sources */,
				9B2B42593BA606ED4DDA9F25 /* FeedView.swift in Sources */,
				B9ABDC386C8BDBE0CBBC9CED /* FeedViewModel.swift in Sources */,
				E158D8EF56E3BDE19B93E9BD /* HTTPMethod.swift in Sources */,
				94C1C62ED3BC9451E37AD277 /* Home.swift in Sources */,
				3A2BED0FFFAC043F2F81A466 /* ImagePicker.swift in Sources */,
				B609708A2D5644520032F4CF /* NotificationService.swift in Sources */,
				7584B335511A199DCC9A9819 /* ImageUploader.swift in Sources */,
				A48CE4A74F25A49D0EA54AD2 /* KeychainStore.swift in Sources */,
				265E6A61651B15BF73E09419 /* LoginView.swift in Sources */,
				6ED763BEDE0A0A2CCEB1BDF8 /* MainView.swift in Sources */,
				8980B46545EC934F0C5E449B /* MessageCell.swift in Sources */,
				63CDB1CDAE64E75CD53B9494 /* MessagesView.swift in Sources */,
				91C978992D2A6102D9E58DD0 /* MultilineTextField.swift in Sources */,
				D93E65B72CADD710D2541373 /* NetworkError.swift in Sources */,
				8ACF7783040E90F3C41F9A2C /* NetworkMonitor.swift in Sources */,
				1005D72FF40CE96ABA059F21 /* Notification.swift in Sources */,
				D10CBE177E7BF9CF1417A6FE /* NotificationCell.swift in Sources */,
				6E8CE3264D2D020CEC5EA548 /* NotificationsView.swift in Sources */,
				602FB9FC8204B2B0123ED240 /* NotificationsViewModel.swift in Sources */,
				5D814DA30295F68E90CE0FFD /* ProfileView.swift in Sources */,
				5984A8CEE38ACEBBB22DF543 /* ProfileViewModel.swift in Sources */,
				B8A02EBDEE432D9F43AE0049 /* RegisterView.swift in Sources */,
				B609707D2D5385890032F4CF /* AuthState.swift in Sources */,
				4F41E88C3D8A52450B608CB9 /* Resources.swift in Sources */,
				015135E631653147116C5BF2 /* SearchBar.swift in Sources */,
				06911A9577ACF6B3FC13CBBA /* SearchCell.swift in Sources */,
				D1DAED5FD58E480232F42738 /* SearchView.swift in Sources */,
				71E7B14DA5FA08ECE96D4BFF /* SearchViewModel.swift in Sources */,
				590199AED4983560B3B185DE /* SecureAuthTextField.swift in Sources */,
				065DC1E821E4B21287419565 /* SettingsView.swift in Sources */,
				614129D232F10C34F6D692A9 /* SlideMenu.swift in Sources */,
				A84739D90E5A6BB45542378F /* TopBar.swift in Sources */,
				E29835461CDFC6171C187658 /* Tweet.swift in Sources */,
				1D21FAB63AFC5E606C0C2A64 /* TweetCellView.swift in Sources */,
				B42744FB6E3E6E8F74A13B88 /* TweetCellViewModel.swift in Sources */,
				8E0A851518B6898ECB034D49 /* User.swift in Sources */,
				B60970852D54514F0032F4CF /* ProfileEndpoint.swift in Sources */,
				B37C4FECC45B4A754196001D /* UserDefaultsStore.swift in Sources */,
				39E5589799AE479A0961C12E /* WelcomeView.swift in Sources */,
				EAC89F42A818DC9B5A14490D /* authService.swift in Sources */,
			);
			runOnlyForDeploymentPostprocessing = 0;
		};
		B60970682D536DB10032F4CF /* Sources */ = {
			isa = PBXSourcesBuildPhase;
			buildActionMask = 2147483647;
			files = (
				B60970782D536DC90032F4CF /* DIContainerTests.swift in Sources */,
				B60970762D536DC20032F4CF /* AuthTests.swift in Sources */,
				B60970792D536DCC0032F4CF /* APIClientTests.swift in Sources */,
				B60970812D539DB20032F4CF /* AuthStateTests.swift in Sources */,
				B60970772D536DC50032F4CF /* NetworkTests.swift in Sources */,
				B60970752D536DBE0032F4CF /* AuthUITests.swift in Sources */,
			);
			runOnlyForDeploymentPostprocessing = 0;
		};
/* End PBXSourcesBuildPhase section */

/* Begin PBXTargetDependency section */
		B60970712D536DB10032F4CF /* PBXTargetDependency */ = {
			isa = PBXTargetDependency;
			target = C27B3F9F51FB83E74F6C27FC /* CloneTwitter */;
			targetProxy = B60970702D536DB10032F4CF /* PBXContainerItemProxy */;
		};
/* End PBXTargetDependency section */

/* Begin XCBuildConfiguration section */
		70FE2C565318C60426C8F66F /* Debug */ = {
			isa = XCBuildConfiguration;
			buildSettings = {
				ALWAYS_SEARCH_USER_PATHS = NO;
				CLANG_ANALYZER_NONNULL = YES;
				CLANG_ANALYZER_NUMBER_OBJECT_CONVERSION = YES_AGGRESSIVE;
				CLANG_CXX_LANGUAGE_STANDARD = "gnu++14";
				CLANG_CXX_LIBRARY = "libc++";
				CLANG_ENABLE_MODULES = YES;
				CLANG_ENABLE_OBJC_ARC = YES;
				CLANG_ENABLE_OBJC_WEAK = YES;
				CLANG_WARN_BLOCK_CAPTURE_AUTORELEASING = YES;
				CLANG_WARN_BOOL_CONVERSION = YES;
				CLANG_WARN_COMMA = YES;
				CLANG_WARN_CONSTANT_CONVERSION = YES;
				CLANG_WARN_DEPRECATED_OBJC_IMPLEMENTATIONS = YES;
				CLANG_WARN_DIRECT_OBJC_ISA_USAGE = YES_ERROR;
				CLANG_WARN_DOCUMENTATION_COMMENTS = YES;
				CLANG_WARN_EMPTY_BODY = YES;
				CLANG_WARN_ENUM_CONVERSION = YES;
				CLANG_WARN_INFINITE_RECURSION = YES;
				CLANG_WARN_INT_CONVERSION = YES;
				CLANG_WARN_NON_LITERAL_NULL_CONVERSION = YES;
				CLANG_WARN_OBJC_IMPLICIT_RETAIN_SELF = YES;
				CLANG_WARN_OBJC_LITERAL_CONVERSION = YES;
				CLANG_WARN_OBJC_ROOT_CLASS = YES_ERROR;
				CLANG_WARN_QUOTED_INCLUDE_IN_FRAMEWORK_HEADER = YES;
				CLANG_WARN_RANGE_LOOP_ANALYSIS = YES;
				CLANG_WARN_STRICT_PROTOTYPES = YES;
				CLANG_WARN_SUSPICIOUS_MOVE = YES;
				CLANG_WARN_UNGUARDED_AVAILABILITY = YES_AGGRESSIVE;
				CLANG_WARN_UNREACHABLE_CODE = YES;
				CLANG_WARN__DUPLICATE_METHOD_MATCH = YES;
				COPY_PHASE_STRIP = NO;
				DEBUG_INFORMATION_FORMAT = dwarf;
				ENABLE_STRICT_OBJC_MSGSEND = YES;
				ENABLE_TESTABILITY = YES;
				GCC_C_LANGUAGE_STANDARD = gnu11;
				GCC_DYNAMIC_NO_PIC = NO;
				GCC_NO_COMMON_BLOCKS = YES;
				GCC_OPTIMIZATION_LEVEL = 0;
				GCC_PREPROCESSOR_DEFINITIONS = (
					"$(inherited)",
					"DEBUG=1",
				);
				GCC_WARN_64_TO_32_BIT_CONVERSION = YES;
				GCC_WARN_ABOUT_RETURN_TYPE = YES_ERROR;
				GCC_WARN_UNDECLARED_SELECTOR = YES;
				GCC_WARN_UNINITIALIZED_AUTOS = YES_AGGRESSIVE;
				GCC_WARN_UNUSED_FUNCTION = YES;
				GCC_WARN_UNUSED_VARIABLE = YES;
				IPHONEOS_DEPLOYMENT_TARGET = 17.0;
				MTL_ENABLE_DEBUG_INFO = INCLUDE_SOURCE;
				MTL_FAST_MATH = YES;
				ONLY_ACTIVE_ARCH = YES;
				PRODUCT_NAME = "$(TARGET_NAME)";
				SDKROOT = iphoneos;
				SWIFT_ACTIVE_COMPILATION_CONDITIONS = DEBUG;
				SWIFT_OPTIMIZATION_LEVEL = "-Onone";
				SWIFT_VERSION = 5.0;
			};
			name = Debug;
		};
		B60970722D536DB10032F4CF /* Debug */ = {
			isa = XCBuildConfiguration;
			buildSettings = {
				ASSETCATALOG_COMPILER_GENERATE_SWIFT_ASSET_SYMBOL_EXTENSIONS = YES;
				BUNDLE_LOADER = "$(TEST_HOST)";
				CLANG_CXX_LANGUAGE_STANDARD = "gnu++20";
				CODE_SIGN_STYLE = Automatic;
				CURRENT_PROJECT_VERSION = 1;
				DEVELOPMENT_TEAM = 38XZHDQFX8;
				ENABLE_USER_SCRIPT_SANDBOXING = YES;
				GCC_C_LANGUAGE_STANDARD = gnu17;
				GCC_PREPROCESSOR_DEFINITIONS = (
					"DEBUG=1",
					"$(inherited)",
				);
				GENERATE_INFOPLIST_FILE = YES;
				IPHONEOS_DEPLOYMENT_TARGET = 17.2;
				LOCALIZATION_PREFERS_STRING_CATALOGS = YES;
				MARKETING_VERSION = 1.0;
				PRODUCT_BUNDLE_IDENTIFIER = pan.CloneTwitterTests;
				PRODUCT_NAME = "$(TARGET_NAME)";
				SWIFT_ACTIVE_COMPILATION_CONDITIONS = "DEBUG $(inherited)";
				SWIFT_EMIT_LOC_STRINGS = NO;
				SWIFT_VERSION = 5.0;
				TARGETED_DEVICE_FAMILY = "1,2";
				TEST_HOST = "$(BUILT_PRODUCTS_DIR)/CloneTwitter.app/$(BUNDLE_EXECUTABLE_FOLDER_PATH)/CloneTwitter";
			};
			name = Debug;
		};
		B60970732D536DB10032F4CF /* Release */ = {
			isa = XCBuildConfiguration;
			buildSettings = {
				ASSETCATALOG_COMPILER_GENERATE_SWIFT_ASSET_SYMBOL_EXTENSIONS = YES;
				BUNDLE_LOADER = "$(TEST_HOST)";
				CLANG_CXX_LANGUAGE_STANDARD = "gnu++20";
				CODE_SIGN_STYLE = Automatic;
				CURRENT_PROJECT_VERSION = 1;
				DEVELOPMENT_TEAM = 38XZHDQFX8;
				ENABLE_USER_SCRIPT_SANDBOXING = YES;
				GCC_C_LANGUAGE_STANDARD = gnu17;
				GENERATE_INFOPLIST_FILE = YES;
				IPHONEOS_DEPLOYMENT_TARGET = 17.2;
				LOCALIZATION_PREFERS_STRING_CATALOGS = YES;
				MARKETING_VERSION = 1.0;
				PRODUCT_BUNDLE_IDENTIFIER = pan.CloneTwitterTests;
				PRODUCT_NAME = "$(TARGET_NAME)";
				SWIFT_EMIT_LOC_STRINGS = NO;
				SWIFT_VERSION = 5.0;
				TARGETED_DEVICE_FAMILY = "1,2";
				TEST_HOST = "$(BUILT_PRODUCTS_DIR)/CloneTwitter.app/$(BUNDLE_EXECUTABLE_FOLDER_PATH)/CloneTwitter";
				VALIDATE_PRODUCT = YES;
			};
			name = Release;
		};
		C513CBF3D13890029869B5A1 /* Release */ = {
			isa = XCBuildConfiguration;
			buildSettings = {
				ALWAYS_SEARCH_USER_PATHS = NO;
				CLANG_ANALYZER_NONNULL = YES;
				CLANG_ANALYZER_NUMBER_OBJECT_CONVERSION = YES_AGGRESSIVE;
				CLANG_CXX_LANGUAGE_STANDARD = "gnu++14";
				CLANG_CXX_LIBRARY = "libc++";
				CLANG_ENABLE_MODULES = YES;
				CLANG_ENABLE_OBJC_ARC = YES;
				CLANG_ENABLE_OBJC_WEAK = YES;
				CLANG_WARN_BLOCK_CAPTURE_AUTORELEASING = YES;
				CLANG_WARN_BOOL_CONVERSION = YES;
				CLANG_WARN_COMMA = YES;
				CLANG_WARN_CONSTANT_CONVERSION = YES;
				CLANG_WARN_DEPRECATED_OBJC_IMPLEMENTATIONS = YES;
				CLANG_WARN_DIRECT_OBJC_ISA_USAGE = YES_ERROR;
				CLANG_WARN_DOCUMENTATION_COMMENTS = YES;
				CLANG_WARN_EMPTY_BODY = YES;
				CLANG_WARN_ENUM_CONVERSION = YES;
				CLANG_WARN_INFINITE_RECURSION = YES;
				CLANG_WARN_INT_CONVERSION = YES;
				CLANG_WARN_NON_LITERAL_NULL_CONVERSION = YES;
				CLANG_WARN_OBJC_IMPLICIT_RETAIN_SELF = YES;
				CLANG_WARN_OBJC_LITERAL_CONVERSION = YES;
				CLANG_WARN_OBJC_ROOT_CLASS = YES_ERROR;
				CLANG_WARN_QUOTED_INCLUDE_IN_FRAMEWORK_HEADER = YES;
				CLANG_WARN_RANGE_LOOP_ANALYSIS = YES;
				CLANG_WARN_STRICT_PROTOTYPES = YES;
				CLANG_WARN_SUSPICIOUS_MOVE = YES;
				CLANG_WARN_UNGUARDED_AVAILABILITY = YES_AGGRESSIVE;
				CLANG_WARN_UNREACHABLE_CODE = YES;
				CLANG_WARN__DUPLICATE_METHOD_MATCH = YES;
				COPY_PHASE_STRIP = NO;
				DEBUG_INFORMATION_FORMAT = "dwarf-with-dsym";
				ENABLE_NS_ASSERTIONS = NO;
				ENABLE_STRICT_OBJC_MSGSEND = YES;
				GCC_C_LANGUAGE_STANDARD = gnu11;
				GCC_NO_COMMON_BLOCKS = YES;
				GCC_WARN_64_TO_32_BIT_CONVERSION = YES;
				GCC_WARN_ABOUT_RETURN_TYPE = YES_ERROR;
				GCC_WARN_UNDECLARED_SELECTOR = YES;
				GCC_WARN_UNINITIALIZED_AUTOS = YES_AGGRESSIVE;
				GCC_WARN_UNUSED_FUNCTION = YES;
				GCC_WARN_UNUSED_VARIABLE = YES;
				IPHONEOS_DEPLOYMENT_TARGET = 17.0;
				MTL_ENABLE_DEBUG_INFO = NO;
				MTL_FAST_MATH = YES;
				PRODUCT_NAME = "$(TARGET_NAME)";
				SDKROOT = iphoneos;
				SWIFT_COMPILATION_MODE = wholemodule;
				SWIFT_OPTIMIZATION_LEVEL = "-O";
				SWIFT_VERSION = 5.0;
			};
			name = Release;
		};
		D149469ED635297F75F81986 /* Release */ = {
			isa = XCBuildConfiguration;
			buildSettings = {
				ASSETCATALOG_COMPILER_APPICON_NAME = AppIcon;
				CODE_SIGN_IDENTITY = "iPhone Developer";
				CURRENT_PROJECT_VERSION = 1;
				DEVELOPMENT_TEAM = 38XZHDQFX8;
				ENABLE_TESTABILITY = YES;
				GENERATE_INFOPLIST_FILE = YES;
				INFOPLIST_KEY_CFBundleDisplayName = CloneTwitter;
				INFOPLIST_KEY_UILaunchScreen_Generation = YES;
				INFOPLIST_KEY_UISupportedInterfaceOrientations_iPhone = UIInterfaceOrientationPortrait;
				LD_RUNPATH_SEARCH_PATHS = (
					"$(inherited)",
					"@executable_path/Frameworks",
				);
				MARKETING_VERSION = 1.0.0;
				"OTHER_LDFLAGS[config=Debug][sdk=iphonesimulator*]" = (
					"$(inherited)",
					"-Xlinker",
					"-interposable",
				);
				PRODUCT_BUNDLE_IDENTIFIER = com.pan.clonetwitter;
				SDKROOT = iphoneos;
				SWIFT_VERSION = 5.9;
				TARGETED_DEVICE_FAMILY = "1,2";
			};
			name = Release;
		};
		F05C016F1533294A52E5E9B7 /* Debug */ = {
			isa = XCBuildConfiguration;
			buildSettings = {
				ASSETCATALOG_COMPILER_APPICON_NAME = AppIcon;
				CODE_SIGN_IDENTITY = "iPhone Developer";
				CURRENT_PROJECT_VERSION = 1;
				DEVELOPMENT_TEAM = 38XZHDQFX8;
				ENABLE_TESTABILITY = YES;
				GENERATE_INFOPLIST_FILE = YES;
				INFOPLIST_KEY_CFBundleDisplayName = CloneTwitter;
				INFOPLIST_KEY_UILaunchScreen_Generation = YES;
				INFOPLIST_KEY_UISupportedInterfaceOrientations_iPhone = UIInterfaceOrientationPortrait;
				LD_RUNPATH_SEARCH_PATHS = (
					"$(inherited)",
					"@executable_path/Frameworks",
				);
				MARKETING_VERSION = 1.0.0;
				"OTHER_LDFLAGS[config=Debug][sdk=iphonesimulator*]" = (
					"$(inherited)",
					"-Xlinker",
					"-interposable",
				);
				PRODUCT_BUNDLE_IDENTIFIER = com.pan.clonetwitter;
				SDKROOT = iphoneos;
				SWIFT_VERSION = 5.9;
				TARGETED_DEVICE_FAMILY = "1,2";
			};
			name = Debug;
		};
/* End XCBuildConfiguration section */

/* Begin XCConfigurationList section */
		486A76791A5156B6E4965F94 /* Build configuration list for PBXNativeTarget "CloneTwitter" */ = {
			isa = XCConfigurationList;
			buildConfigurations = (
				F05C016F1533294A52E5E9B7 /* Debug */,
				D149469ED635297F75F81986 /* Release */,
			);
			defaultConfigurationIsVisible = 0;
			defaultConfigurationName = Debug;
		};
		B574828F14A673FEA8A2923F /* Build configuration list for PBXProject "CloneTwitter" */ = {
			isa = XCConfigurationList;
			buildConfigurations = (
				70FE2C565318C60426C8F66F /* Debug */,
				C513CBF3D13890029869B5A1 /* Release */,
			);
			defaultConfigurationIsVisible = 0;
			defaultConfigurationName = Debug;
		};
		B60970742D536DB10032F4CF /* Build configuration list for PBXNativeTarget "CloneTwitterTests" */ = {
			isa = XCConfigurationList;
			buildConfigurations = (
				B60970722D536DB10032F4CF /* Debug */,
				B60970732D536DB10032F4CF /* Release */,
			);
			defaultConfigurationIsVisible = 0;
			defaultConfigurationName = Debug;
		};
/* End XCConfigurationList section */

/* Begin XCRemoteSwiftPackageReference section */
		6275C856CD1EBAB96E18532D /* XCRemoteSwiftPackageReference "Inject" */ = {
			isa = XCRemoteSwiftPackageReference;
			repositoryURL = "https://github.com/krzysztofzablocki/Inject.git";
			requirement = {
				kind = upToNextMajorVersion;
				minimumVersion = 1.2.4;
			};
		};
		B4730735FA39F7B010602CFB /* XCRemoteSwiftPackageReference "Kingfisher" */ = {
			isa = XCRemoteSwiftPackageReference;
			repositoryURL = "https://github.com/onevcat/Kingfisher";
			requirement = {
				kind = upToNextMajorVersion;
				minimumVersion = 8.1.4;
			};
		};
/* End XCRemoteSwiftPackageReference section */

/* Begin XCSwiftPackageProductDependency section */
		2F8CF08C447FD6655E14096D /* Kingfisher */ = {
			isa = XCSwiftPackageProductDependency;
			package = B4730735FA39F7B010602CFB /* XCRemoteSwiftPackageReference "Kingfisher" */;
			productName = Kingfisher;
		};
		9B0B58CBFF7A3CD52A750FEA /* Inject */ = {
			isa = XCSwiftPackageProductDependency;
			package = 6275C856CD1EBAB96E18532D /* XCRemoteSwiftPackageReference "Inject" */;
			productName = Inject;
		};
/* End XCSwiftPackageProductDependency section */
	};
	rootObject = 6A356F582BDDBBAA6E9B2053 /* Project object */;
}
