// !$*UTF8*$!
{
	archiveVersion = 1;
	classes = {
	};
	objectVersion = 54;
	objects = {

/* Begin PBXBuildFile section */
		09645D6F9008FE049B9E6AD5 /* LoginView.swift in Sources */ = {isa = PBXBuildFile; fileRef = C47B62688C0B8FA5AEBEDDE7 /* LoginView.swift */; };
		0A2DD39C4923E06AB98EE34F /* AuthViewModel.swift in Sources */ = {isa = PBXBuildFile; fileRef = 243FCFAE2D6D3CFD6FBB5430 /* AuthViewModel.swift */; };
		0A8B74E641A7779B4EE6D917 /* SecureAuthTextField.swift in Sources */ = {isa = PBXBuildFile; fileRef = 1C73FED9CDD1A96951C46B47 /* SecureAuthTextField.swift */; };
		17A25AAE7253BA08CADB788B /* MessagesView.swift in Sources */ = {isa = PBXBuildFile; fileRef = 3B17AFB8AE4EE37B4CAFFE17 /* MessagesView.swift */; };
		1CB2CC28E9B2C49A231DDB64 /* EditProfileView.swift in Sources */ = {isa = PBXBuildFile; fileRef = 0253693C63C2E5633609C7BF /* EditProfileView.swift */; };
		210266447FC610A6F0AA896B /* App.swift in Sources */ = {isa = PBXBuildFile; fileRef = 125A1096D1AB6901247C2EB0 /* App.swift */; };
		224047DD3EE85ECD6AF106D5 /* File.xml in Resources */ = {isa = PBXBuildFile; fileRef = 054016E8D66F1B4C82E6B5D0 /* File.xml */; };
		297D61CE03BABABCB11BB140 /* SearchUserCell.swift in Sources */ = {isa = PBXBuildFile; fileRef = 9CB73D6A1F33FFA242EC1583 /* SearchUserCell.swift */; };
		29B28B6F05D1776F4C3BEE46 /* Tweet.swift in Sources */ = {isa = PBXBuildFile; fileRef = 53DCB2C0F4A0F2F90DCDC072 /* Tweet.swift */; };
		2FDB7043301D37B427883765 /* AuthenticationView.swift in Sources */ = {isa = PBXBuildFile; fileRef = AC4A5AC7B3838A485F8B8619 /* AuthenticationView.swift */; };
		312858224741A6F798A6F973 /* ProfileTabBar.swift in Sources */ = {isa = PBXBuildFile; fileRef = 4177C3BD890BEA26D3029AFA /* ProfileTabBar.swift */; };
		3D731873A2C57415F0B9CBFE /* Home.swift in Sources */ = {isa = PBXBuildFile; fileRef = 0C7101E668055256FDF11D06 /* Home.swift */; };
		42B635BBF32E2CDB4B3D75B9 /* Constants.swift in Sources */ = {isa = PBXBuildFile; fileRef = 9C85C07518BC65BE943D7211 /* Constants.swift */; };
		43FE26F57FE770E8A598BC4F /* CreateTweetViewModel.swift in Sources */ = {isa = PBXBuildFile; fileRef = 0EFE5F3FE001EC0E5D7F9496 /* CreateTweetViewModel.swift */; };
		441DA36D8A88E54DD4819477 /* TweetCellViewModel.swift in Sources */ = {isa = PBXBuildFile; fileRef = A1C55D99E3FEFDAED7061CC5 /* TweetCellViewModel.swift */; };
		4F41E88C3D8A52450B608CB9 /* Resources.swift in Sources */ = {isa = PBXBuildFile; fileRef = AE40C32AC8123DD59F172FB7 /* Resources.swift */; };
		52DD9DDE1073C84236BE43B3 /* ImagePicker.swift in Sources */ = {isa = PBXBuildFile; fileRef = BD5046CBCEABE8434F536AFD /* ImagePicker.swift */; };
		54E452CE719B5E1F823AC271 /* NotificationsView.swift in Sources */ = {isa = PBXBuildFile; fileRef = 944DAF11CB06C0820D3A0AEE /* NotificationsView.swift */; };
		559FF8AFC1C40C83C5C73A11 /* File.midi in Resources */ = {isa = PBXBuildFile; fileRef = 897C6D1F772896D5B3AD1736 /* File.midi */; };
		5FF3D64758461D7E28D07FE1 /* SearchCell.swift in Sources */ = {isa = PBXBuildFile; fileRef = CCEC97999571DBCA3D07C445 /* SearchCell.swift */; };
		66F1CB2056D1DA0C460FB27F /* UserService.swift in Sources */ = {isa = PBXBuildFile; fileRef = CDD2E0FDE3629C0BC033505B /* UserService.swift */; };
		718EAD46818A5FC89F429E60 /* Media.xcassets in Resources */ = {isa = PBXBuildFile; fileRef = 7EC8238745E7DED8ADB163BD /* Media.xcassets */; };
		78610D712D80FD1AACE741BE /* CreateTweetView.swift in Sources */ = {isa = PBXBuildFile; fileRef = DD073878421BAC2ADFFCDD30 /* CreateTweetView.swift */; };
		7DD68A184B05CDCFCD2052AC /* ProfileView.swift in Sources */ = {isa = PBXBuildFile; fileRef = EF263A3C74ECFD1F5E386B5F /* ProfileView.swift */; };
		7EFDCDF5ABE0F21D59C46729 /* ItemsView.swift in Sources */ = {isa = PBXBuildFile; fileRef = 2CD34ECBCE7A9507ABC20F99 /* ItemsView.swift */; };
		7FB77780770D8E727593783C /* SlideMenu.swift in Sources */ = {isa = PBXBuildFile; fileRef = 72E675E399594F8320E2111B /* SlideMenu.swift */; };
		87667983C9427E912AFD3198 /* MainView.swift in Sources */ = {isa = PBXBuildFile; fileRef = 9FDC8BBE113875770C30473C /* MainView.swift */; };
		89D2924EF21D7400CB175824 /* AuthService.swift in Sources */ = {isa = PBXBuildFile; fileRef = 3E33D0AB3465F0349F30330D /* AuthService.swift */; };
		8A92EFE59933B4174B96A25C /* CustomProfileTextField.swift in Sources */ = {isa = PBXBuildFile; fileRef = 0F285BB728F17798E40778EE /* CustomProfileTextField.swift */; };
		8BCF349E8CE6576F16437424 /* TabButton.swift in Sources */ = {isa = PBXBuildFile; fileRef = E2C24723CE45EAE8A42C43EF /* TabButton.swift */; };
		A0BA6A888A3D0CCD00173160 /* FeedViewModel.swift in Sources */ = {isa = PBXBuildFile; fileRef = 6CF5CD82A6FAEDEAD7E8E7BD /* FeedViewModel.swift */; };
		A1C2F0DCF87B0B2A5068E60D /* RequestServices.swift in Sources */ = {isa = PBXBuildFile; fileRef = F6F3827B8272849DAC7E61AF /* RequestServices.swift */; };
		A34912A405C139CF84C053D5 /* Kingfisher in Frameworks */ = {isa = PBXBuildFile; productRef = 2F8CF08C447FD6655E14096D /* Kingfisher */; };
		A5857BAB502A2AC5494F1832 /* RegisterView.swift in Sources */ = {isa = PBXBuildFile; fileRef = E4B0E2A113949BDD10F3D25B /* RegisterView.swift */; };
		A7A09BA6C217EA139DF8CA91 /* English.strings in Resources */ = {isa = PBXBuildFile; fileRef = 5DA120863FDC27615159D64D /* English.strings */; };
		A8D7B897DCEDD171578E5AD1 /* EditProfileViewModel.swift in Sources */ = {isa = PBXBuildFile; fileRef = 851494BC66C76FAA295A668E /* EditProfileViewModel.swift */; };
		AD1B7D0422713D872468D437 /* SearchBar.swift in Sources */ = {isa = PBXBuildFile; fileRef = 41748A4AD9E7D12D1BDAADDF /* SearchBar.swift */; };
		B285E5AED67FF05ACE29D9D8 /* AppTests.swift in Sources */ = {isa = PBXBuildFile; fileRef = 82EC66227B709FA15587BE1F /* AppTests.swift */; };
		B2E3F95CCFE5D7DB9A9AC961 /* ImageUploader.swift in Sources */ = {isa = PBXBuildFile; fileRef = E3376DB966C355BE9B37FD4D /* ImageUploader.swift */; };
		BD57731BFC41C740E215AB3E /* Feed.swift in Sources */ = {isa = PBXBuildFile; fileRef = 6DF024167118501851612C6A /* Feed.swift */; };
		C068B5844156965EEDB57E95 /* NotificationCell.swift in Sources */ = {isa = PBXBuildFile; fileRef = CC46E756D6B99376943AF705 /* NotificationCell.swift */; };
		C1B6839881CA6B6855F266A0 /* WelcomeView.swift in Sources */ = {isa = PBXBuildFile; fileRef = 49FE9F908B6720509DD72FCD /* WelcomeView.swift */; };
		C7A14999D76A2611DA546096 /* TweetCellView.swift in Sources */ = {isa = PBXBuildFile; fileRef = 265BFE2D0327F7DA0D124274 /* TweetCellView.swift */; };
		CEED262410F9691D00B98C75 /* MainViewModel.swift in Sources */ = {isa = PBXBuildFile; fileRef = CCC70682DCB90A7CACB1F00F /* MainViewModel.swift */; };
		D1C6FC9DC7D8E6469178A875 /* BlurView.swift in Sources */ = {isa = PBXBuildFile; fileRef = 56A52B05C38B8E755EAE7DF9 /* BlurView.swift */; };
		D1F34CB81F9DE745E00E71D1 /* CustomAuthTextField.swift in Sources */ = {isa = PBXBuildFile; fileRef = 02988516158104001A0F9B0C /* CustomAuthTextField.swift */; };
		D73D5CFF21B2345A7CB93522 /* PostView.swift in Sources */ = {isa = PBXBuildFile; fileRef = 2B61C1AA9B2E7353AB0AAF34 /* PostView.swift */; };
		DEF343324BEACFCBA563D1AF /* MultilineTextField.swift in Sources */ = {isa = PBXBuildFile; fileRef = 92B06431A96F74543EC1E781 /* MultilineTextField.swift */; };
		E16BAA03AFFD15D83F4BC746 /* Inject in Frameworks */ = {isa = PBXBuildFile; productRef = 9B0B58CBFF7A3CD52A750FEA /* Inject */; };
		E9F5BEB8C8B9DE7E8685A33B /* Chinese.strings in Resources */ = {isa = PBXBuildFile; fileRef = ADF4AD5B796858CDB6DE1A66 /* Chinese.strings */; };
		EF7404C4BF8B7F4E6A6932BB /* SearchView.swift in Sources */ = {isa = PBXBuildFile; fileRef = A490A3591B59F96E1E25BA28 /* SearchView.swift */; };
		EF9648EC9BEC605A0F44E331 /* MessageCell.swift in Sources */ = {isa = PBXBuildFile; fileRef = CDB7D2A16DFD607B4E40B8F5 /* MessageCell.swift */; };
		F3390ADC36F710542E90E111 /* TopBar.swift in Sources */ = {isa = PBXBuildFile; fileRef = 5CD1244A2A348406C178F79E /* TopBar.swift */; };
		F7DA961EFA2E8EA3C60C6F4D /* ProfileViewModel.swift in Sources */ = {isa = PBXBuildFile; fileRef = E138C8535A8107B99018DFF8 /* ProfileViewModel.swift */; };
		FF5A372F281FF9BEE756CD1C /* User.swift in Sources */ = {isa = PBXBuildFile; fileRef = F2395E0766E2238FD7F69495 /* User.swift */; };
/* End PBXBuildFile section */

/* Begin PBXFileReference section */
		0253693C63C2E5633609C7BF /* EditProfileView.swift */ = {isa = PBXFileReference; lastKnownFileType = sourcecode.swift; path = EditProfileView.swift; sourceTree = "<group>"; };
		02988516158104001A0F9B0C /* CustomAuthTextField.swift */ = {isa = PBXFileReference; lastKnownFileType = sourcecode.swift; path = CustomAuthTextField.swift; sourceTree = "<group>"; };
		054016E8D66F1B4C82E6B5D0 /* File.xml */ = {isa = PBXFileReference; lastKnownFileType = text.xml; path = File.xml; sourceTree = "<group>"; };
		0C7101E668055256FDF11D06 /* Home.swift */ = {isa = PBXFileReference; lastKnownFileType = sourcecode.swift; path = Home.swift; sourceTree = "<group>"; };
		0EFE5F3FE001EC0E5D7F9496 /* CreateTweetViewModel.swift */ = {isa = PBXFileReference; lastKnownFileType = sourcecode.swift; path = CreateTweetViewModel.swift; sourceTree = "<group>"; };
		0F285BB728F17798E40778EE /* CustomProfileTextField.swift */ = {isa = PBXFileReference; lastKnownFileType = sourcecode.swift; path = CustomProfileTextField.swift; sourceTree = "<group>"; };
		125A1096D1AB6901247C2EB0 /* App.swift */ = {isa = PBXFileReference; lastKnownFileType = sourcecode.swift; path = App.swift; sourceTree = "<group>"; };
		1C73FED9CDD1A96951C46B47 /* SecureAuthTextField.swift */ = {isa = PBXFileReference; lastKnownFileType = sourcecode.swift; path = SecureAuthTextField.swift; sourceTree = "<group>"; };
		243FCFAE2D6D3CFD6FBB5430 /* AuthViewModel.swift */ = {isa = PBXFileReference; lastKnownFileType = sourcecode.swift; path = AuthViewModel.swift; sourceTree = "<group>"; };
		265BFE2D0327F7DA0D124274 /* TweetCellView.swift */ = {isa = PBXFileReference; lastKnownFileType = sourcecode.swift; path = TweetCellView.swift; sourceTree = "<group>"; };
		2B61C1AA9B2E7353AB0AAF34 /* PostView.swift */ = {isa = PBXFileReference; lastKnownFileType = sourcecode.swift; path = PostView.swift; sourceTree = "<group>"; };
		2CD34ECBCE7A9507ABC20F99 /* ItemsView.swift */ = {isa = PBXFileReference; lastKnownFileType = sourcecode.swift; path = ItemsView.swift; sourceTree = "<group>"; };
		3B17AFB8AE4EE37B4CAFFE17 /* MessagesView.swift */ = {isa = PBXFileReference; lastKnownFileType = sourcecode.swift; path = MessagesView.swift; sourceTree = "<group>"; };
		3E33D0AB3465F0349F30330D /* AuthService.swift */ = {isa = PBXFileReference; lastKnownFileType = sourcecode.swift; path = AuthService.swift; sourceTree = "<group>"; };
		41748A4AD9E7D12D1BDAADDF /* SearchBar.swift */ = {isa = PBXFileReference; lastKnownFileType = sourcecode.swift; path = SearchBar.swift; sourceTree = "<group>"; };
		4177C3BD890BEA26D3029AFA /* ProfileTabBar.swift */ = {isa = PBXFileReference; lastKnownFileType = sourcecode.swift; path = ProfileTabBar.swift; sourceTree = "<group>"; };
		49FE9F908B6720509DD72FCD /* WelcomeView.swift */ = {isa = PBXFileReference; lastKnownFileType = sourcecode.swift; path = WelcomeView.swift; sourceTree = "<group>"; };
		53DCB2C0F4A0F2F90DCDC072 /* Tweet.swift */ = {isa = PBXFileReference; lastKnownFileType = sourcecode.swift; path = Tweet.swift; sourceTree = "<group>"; };
		56A52B05C38B8E755EAE7DF9 /* BlurView.swift */ = {isa = PBXFileReference; lastKnownFileType = sourcecode.swift; path = BlurView.swift; sourceTree = "<group>"; };
		5CD1244A2A348406C178F79E /* TopBar.swift */ = {isa = PBXFileReference; lastKnownFileType = sourcecode.swift; path = TopBar.swift; sourceTree = "<group>"; };
		5DA120863FDC27615159D64D /* English.strings */ = {isa = PBXFileReference; lastKnownFileType = text.plist.strings; path = English.strings; sourceTree = "<group>"; };
		6CF5CD82A6FAEDEAD7E8E7BD /* FeedViewModel.swift */ = {isa = PBXFileReference; lastKnownFileType = sourcecode.swift; path = FeedViewModel.swift; sourceTree = "<group>"; };
		6DF024167118501851612C6A /* Feed.swift */ = {isa = PBXFileReference; lastKnownFileType = sourcecode.swift; path = Feed.swift; sourceTree = "<group>"; };
		72E675E399594F8320E2111B /* SlideMenu.swift */ = {isa = PBXFileReference; lastKnownFileType = sourcecode.swift; path = SlideMenu.swift; sourceTree = "<group>"; };
		7EC8238745E7DED8ADB163BD /* Media.xcassets */ = {isa = PBXFileReference; lastKnownFileType = folder.assetcatalog; path = Media.xcassets; sourceTree = "<group>"; };
		82EC66227B709FA15587BE1F /* AppTests.swift */ = {isa = PBXFileReference; lastKnownFileType = sourcecode.swift; path = AppTests.swift; sourceTree = "<group>"; };
		851494BC66C76FAA295A668E /* EditProfileViewModel.swift */ = {isa = PBXFileReference; lastKnownFileType = sourcecode.swift; path = EditProfileViewModel.swift; sourceTree = "<group>"; };
		897C6D1F772896D5B3AD1736 /* File.midi */ = {isa = PBXFileReference; lastKnownFileType = audio.midi; path = File.midi; sourceTree = "<group>"; };
		92B06431A96F74543EC1E781 /* MultilineTextField.swift */ = {isa = PBXFileReference; lastKnownFileType = sourcecode.swift; path = MultilineTextField.swift; sourceTree = "<group>"; };
		944DAF11CB06C0820D3A0AEE /* NotificationsView.swift */ = {isa = PBXFileReference; lastKnownFileType = sourcecode.swift; path = NotificationsView.swift; sourceTree = "<group>"; };
		979A81E1FD0D5767C968969D /* CloneTwitter.app */ = {isa = PBXFileReference; includeInIndex = 0; lastKnownFileType = wrapper.application; path = CloneTwitter.app; sourceTree = BUILT_PRODUCTS_DIR; };
		9C85C07518BC65BE943D7211 /* Constants.swift */ = {isa = PBXFileReference; lastKnownFileType = sourcecode.swift; path = Constants.swift; sourceTree = "<group>"; };
		9CB73D6A1F33FFA242EC1583 /* SearchUserCell.swift */ = {isa = PBXFileReference; lastKnownFileType = sourcecode.swift; path = SearchUserCell.swift; sourceTree = "<group>"; };
		9FDC8BBE113875770C30473C /* MainView.swift */ = {isa = PBXFileReference; lastKnownFileType = sourcecode.swift; path = MainView.swift; sourceTree = "<group>"; };
		A1C55D99E3FEFDAED7061CC5 /* TweetCellViewModel.swift */ = {isa = PBXFileReference; lastKnownFileType = sourcecode.swift; path = TweetCellViewModel.swift; sourceTree = "<group>"; };
		A490A3591B59F96E1E25BA28 /* SearchView.swift */ = {isa = PBXFileReference; lastKnownFileType = sourcecode.swift; path = SearchView.swift; sourceTree = "<group>"; };
		AC4A5AC7B3838A485F8B8619 /* AuthenticationView.swift */ = {isa = PBXFileReference; lastKnownFileType = sourcecode.swift; path = AuthenticationView.swift; sourceTree = "<group>"; };
		ADF4AD5B796858CDB6DE1A66 /* Chinese.strings */ = {isa = PBXFileReference; lastKnownFileType = text.plist.strings; path = Chinese.strings; sourceTree = "<group>"; };
		AE40C32AC8123DD59F172FB7 /* Resources.swift */ = {isa = PBXFileReference; lastKnownFileType = sourcecode.swift; path = Resources.swift; sourceTree = "<group>"; };
		BD5046CBCEABE8434F536AFD /* ImagePicker.swift */ = {isa = PBXFileReference; lastKnownFileType = sourcecode.swift; path = ImagePicker.swift; sourceTree = "<group>"; };
		C47B62688C0B8FA5AEBEDDE7 /* LoginView.swift */ = {isa = PBXFileReference; lastKnownFileType = sourcecode.swift; path = LoginView.swift; sourceTree = "<group>"; };
		CC46E756D6B99376943AF705 /* NotificationCell.swift */ = {isa = PBXFileReference; lastKnownFileType = sourcecode.swift; path = NotificationCell.swift; sourceTree = "<group>"; };
		CCC70682DCB90A7CACB1F00F /* MainViewModel.swift */ = {isa = PBXFileReference; lastKnownFileType = sourcecode.swift; path = MainViewModel.swift; sourceTree = "<group>"; };
		CCEC97999571DBCA3D07C445 /* SearchCell.swift */ = {isa = PBXFileReference; lastKnownFileType = sourcecode.swift; path = SearchCell.swift; sourceTree = "<group>"; };
		CDB7D2A16DFD607B4E40B8F5 /* MessageCell.swift */ = {isa = PBXFileReference; lastKnownFileType = sourcecode.swift; path = MessageCell.swift; sourceTree = "<group>"; };
		CDD2E0FDE3629C0BC033505B /* UserService.swift */ = {isa = PBXFileReference; lastKnownFileType = sourcecode.swift; path = UserService.swift; sourceTree = "<group>"; };
		DD073878421BAC2ADFFCDD30 /* CreateTweetView.swift */ = {isa = PBXFileReference; lastKnownFileType = sourcecode.swift; path = CreateTweetView.swift; sourceTree = "<group>"; };
		E138C8535A8107B99018DFF8 /* ProfileViewModel.swift */ = {isa = PBXFileReference; lastKnownFileType = sourcecode.swift; path = ProfileViewModel.swift; sourceTree = "<group>"; };
		E2C24723CE45EAE8A42C43EF /* TabButton.swift */ = {isa = PBXFileReference; lastKnownFileType = sourcecode.swift; path = TabButton.swift; sourceTree = "<group>"; };
		E3376DB966C355BE9B37FD4D /* ImageUploader.swift */ = {isa = PBXFileReference; lastKnownFileType = sourcecode.swift; path = ImageUploader.swift; sourceTree = "<group>"; };
		E4B0E2A113949BDD10F3D25B /* RegisterView.swift */ = {isa = PBXFileReference; lastKnownFileType = sourcecode.swift; path = RegisterView.swift; sourceTree = "<group>"; };
		EF263A3C74ECFD1F5E386B5F /* ProfileView.swift */ = {isa = PBXFileReference; lastKnownFileType = sourcecode.swift; path = ProfileView.swift; sourceTree = "<group>"; };
		F2395E0766E2238FD7F69495 /* User.swift */ = {isa = PBXFileReference; lastKnownFileType = sourcecode.swift; path = User.swift; sourceTree = "<group>"; };
		F6F3827B8272849DAC7E61AF /* RequestServices.swift */ = {isa = PBXFileReference; lastKnownFileType = sourcecode.swift; path = RequestServices.swift; sourceTree = "<group>"; };
/* End PBXFileReference section */

/* Begin PBXFrameworksBuildPhase section */
		5B055487384153AA10CA0558 /* Frameworks */ = {
			isa = PBXFrameworksBuildPhase;
			buildActionMask = 2147483647;
			files = (
				E16BAA03AFFD15D83F4BC746 /* Inject in Frameworks */,
				A34912A405C139CF84C053D5 /* Kingfisher in Frameworks */,
			);
			runOnlyForDeploymentPostprocessing = 0;
		};
/* End PBXFrameworksBuildPhase section */

/* Begin PBXGroup section */
		222A08217427C8EBA478C654 /* Post */ = {
			isa = PBXGroup;
			children = (
				DD073878421BAC2ADFFCDD30 /* CreateTweetView.swift */,
				2B61C1AA9B2E7353AB0AAF34 /* PostView.swift */,
			);
			path = Post;
			sourceTree = "<group>";
		};
		2913A9EF77F954249FBF5EC2 /* Notifications */ = {
			isa = PBXGroup;
			children = (
				CC46E756D6B99376943AF705 /* NotificationCell.swift */,
				944DAF11CB06C0820D3A0AEE /* NotificationsView.swift */,
			);
			path = Notifications;
			sourceTree = "<group>";
		};
		38A97288C0B03A2067829835 /* Extensions */ = {
			isa = PBXGroup;
			children = (
				BD5046CBCEABE8434F536AFD /* ImagePicker.swift */,
			);
			path = Extensions;
			sourceTree = "<group>";
		};
		3AC53D7E3CEC2BAA0636E0D6 /* Feed */ = {
			isa = PBXGroup;
			children = (
				6DF024167118501851612C6A /* Feed.swift */,
				6CF5CD82A6FAEDEAD7E8E7BD /* FeedViewModel.swift */,
				265BFE2D0327F7DA0D124274 /* TweetCellView.swift */,
				A1C55D99E3FEFDAED7061CC5 /* TweetCellViewModel.swift */,
			);
			path = Feed;
			sourceTree = "<group>";
		};
		46B84B4942377FD38509C28F /* Search */ = {
			isa = PBXGroup;
			children = (
				41748A4AD9E7D12D1BDAADDF /* SearchBar.swift */,
				CCEC97999571DBCA3D07C445 /* SearchCell.swift */,
				9CB73D6A1F33FFA242EC1583 /* SearchUserCell.swift */,
				A490A3591B59F96E1E25BA28 /* SearchView.swift */,
			);
			path = Search;
			sourceTree = "<group>";
		};
		4F2B8CFC1355F01E7F9F6512 = {
			isa = PBXGroup;
			children = (
				94FA43368E60EFD48E052399 /* Sources */,
				BA1708FAE21C3DBB6D4A7898 /* Products */,
			);
			sourceTree = "<group>";
		};
		5A980C1B6E2CDA37EA33E8CD /* Profile */ = {
			isa = PBXGroup;
			children = (
				851494BC66C76FAA295A668E /* EditProfileViewModel.swift */,
				E138C8535A8107B99018DFF8 /* ProfileViewModel.swift */,
			);
			path = Profile;
			sourceTree = "<group>";
		};
		6B4CF1A7F0424BCD472D9939 /* Utils */ = {
			isa = PBXGroup;
			children = (
				9C85C07518BC65BE943D7211 /* Constants.swift */,
			);
			path = Utils;
			sourceTree = "<group>";
		};
		7017E5E4E10694F67B311FF0 /* Views */ = {
			isa = PBXGroup;
			children = (
				0C7101E668055256FDF11D06 /* Home.swift */,
				9FDC8BBE113875770C30473C /* MainView.swift */,
				72E675E399594F8320E2111B /* SlideMenu.swift */,
				5CD1244A2A348406C178F79E /* TopBar.swift */,
				D48EDCCE9A6EB9FEBDB0C4E2 /* Authentication */,
				B28E7ACB0E8BF960DE152EBC /* Components */,
				3AC53D7E3CEC2BAA0636E0D6 /* Feed */,
				98B8EBCA758A0CDE071D3E9C /* Items */,
				838D17E07F9CE6C61EE0BF13 /* Messages */,
				2913A9EF77F954249FBF5EC2 /* Notifications */,
				222A08217427C8EBA478C654 /* Post */,
				8611C6044AF217443FF271BD /* Profile */,
				46B84B4942377FD38509C28F /* Search */,
			);
			path = Views;
			sourceTree = "<group>";
		};
		838D17E07F9CE6C61EE0BF13 /* Messages */ = {
			isa = PBXGroup;
			children = (
				CDB7D2A16DFD607B4E40B8F5 /* MessageCell.swift */,
				3B17AFB8AE4EE37B4CAFFE17 /* MessagesView.swift */,
			);
			path = Messages;
			sourceTree = "<group>";
		};
		8611C6044AF217443FF271BD /* Profile */ = {
			isa = PBXGroup;
			children = (
				56A52B05C38B8E755EAE7DF9 /* BlurView.swift */,
				0F285BB728F17798E40778EE /* CustomProfileTextField.swift */,
				0253693C63C2E5633609C7BF /* EditProfileView.swift */,
				4177C3BD890BEA26D3029AFA /* ProfileTabBar.swift */,
				EF263A3C74ECFD1F5E386B5F /* ProfileView.swift */,
				E2C24723CE45EAE8A42C43EF /* TabButton.swift */,
			);
			path = Profile;
			sourceTree = "<group>";
		};
		94FA43368E60EFD48E052399 /* Sources */ = {
			isa = PBXGroup;
			children = (
				125A1096D1AB6901247C2EB0 /* App.swift */,
				7EC8238745E7DED8ADB163BD /* Media.xcassets */,
				38A97288C0B03A2067829835 /* Extensions */,
				98A66A7F45EEDAFEB5F5152A /* Localization */,
				D025D386707C4BDBA06AA32D /* Models */,
				E0B70B05588D7B9230526870 /* Resources */,
				BC7A36BB80606156DDD38BE0 /* Services */,
				C45524FA7853BE9D1852E904 /* Test */,
				6B4CF1A7F0424BCD472D9939 /* Utils */,
				F97E9CDCD225EEF46C1EA372 /* ViewModels */,
				7017E5E4E10694F67B311FF0 /* Views */,
			);
			path = Sources;
			sourceTree = "<group>";
		};
		98A66A7F45EEDAFEB5F5152A /* Localization */ = {
			isa = PBXGroup;
			children = (
				ADF4AD5B796858CDB6DE1A66 /* Chinese.strings */,
				5DA120863FDC27615159D64D /* English.strings */,
			);
			path = Localization;
			sourceTree = "<group>";
		};
		98B8EBCA758A0CDE071D3E9C /* Items */ = {
			isa = PBXGroup;
			children = (
				2CD34ECBCE7A9507ABC20F99 /* ItemsView.swift */,
			);
			path = Items;
			sourceTree = "<group>";
		};
		B28E7ACB0E8BF960DE152EBC /* Components */ = {
			isa = PBXGroup;
			children = (
				92B06431A96F74543EC1E781 /* MultilineTextField.swift */,
			);
			path = Components;
			sourceTree = "<group>";
		};
		B5E6601D98AB73E2C1B79B95 /* PostTweets */ = {
			isa = PBXGroup;
			children = (
				0EFE5F3FE001EC0E5D7F9496 /* CreateTweetViewModel.swift */,
			);
			path = PostTweets;
			sourceTree = "<group>";
		};
		BA1708FAE21C3DBB6D4A7898 /* Products */ = {
			isa = PBXGroup;
			children = (
				979A81E1FD0D5767C968969D /* CloneTwitter.app */,
			);
			name = Products;
			sourceTree = "<group>";
		};
		BC7A36BB80606156DDD38BE0 /* Services */ = {
			isa = PBXGroup;
			children = (
				3E33D0AB3465F0349F30330D /* AuthService.swift */,
				E3376DB966C355BE9B37FD4D /* ImageUploader.swift */,
				F6F3827B8272849DAC7E61AF /* RequestServices.swift */,
				CDD2E0FDE3629C0BC033505B /* UserService.swift */,
			);
			path = Services;
			sourceTree = "<group>";
		};
		C45524FA7853BE9D1852E904 /* Test */ = {
			isa = PBXGroup;
			children = (
				82EC66227B709FA15587BE1F /* AppTests.swift */,
			);
			path = Test;
			sourceTree = "<group>";
		};
		D025D386707C4BDBA06AA32D /* Models */ = {
			isa = PBXGroup;
			children = (
				53DCB2C0F4A0F2F90DCDC072 /* Tweet.swift */,
				F2395E0766E2238FD7F69495 /* User.swift */,
			);
			path = Models;
			sourceTree = "<group>";
		};
		D48EDCCE9A6EB9FEBDB0C4E2 /* Authentication */ = {
			isa = PBXGroup;
			children = (
				AC4A5AC7B3838A485F8B8619 /* AuthenticationView.swift */,
				02988516158104001A0F9B0C /* CustomAuthTextField.swift */,
				C47B62688C0B8FA5AEBEDDE7 /* LoginView.swift */,
				E4B0E2A113949BDD10F3D25B /* RegisterView.swift */,
				1C73FED9CDD1A96951C46B47 /* SecureAuthTextField.swift */,
				49FE9F908B6720509DD72FCD /* WelcomeView.swift */,
			);
			path = Authentication;
			sourceTree = "<group>";
		};
		E0B70B05588D7B9230526870 /* Resources */ = {
			isa = PBXGroup;
			children = (
				897C6D1F772896D5B3AD1736 /* File.midi */,
				054016E8D66F1B4C82E6B5D0 /* File.xml */,
				AE40C32AC8123DD59F172FB7 /* Resources.swift */,
			);
			path = Resources;
			sourceTree = "<group>";
		};
		F97E9CDCD225EEF46C1EA372 /* ViewModels */ = {
			isa = PBXGroup;
			children = (
				243FCFAE2D6D3CFD6FBB5430 /* AuthViewModel.swift */,
				CCC70682DCB90A7CACB1F00F /* MainViewModel.swift */,
				B5E6601D98AB73E2C1B79B95 /* PostTweets */,
				5A980C1B6E2CDA37EA33E8CD /* Profile */,
			);
			path = ViewModels;
			sourceTree = "<group>";
		};
/* End PBXGroup section */

/* Begin PBXNativeTarget section */
		C27B3F9F51FB83E74F6C27FC /* CloneTwitter */ = {
			isa = PBXNativeTarget;
			buildConfigurationList = 486A76791A5156B6E4965F94 /* Build configuration list for PBXNativeTarget "CloneTwitter" */;
			buildPhases = (
				0B29015413D8120421ACAE93 /* Sources */,
				160B7C066B7F33EC5368122C /* Resources */,
				5B055487384153AA10CA0558 /* Frameworks */,
			);
			buildRules = (
			);
			dependencies = (
			);
			name = CloneTwitter;
			packageProductDependencies = (
				9B0B58CBFF7A3CD52A750FEA /* Inject */,
				2F8CF08C447FD6655E14096D /* Kingfisher */,
			);
			productName = CloneTwitter;
			productReference = 979A81E1FD0D5767C968969D /* CloneTwitter.app */;
			productType = "com.apple.product-type.application";
		};
/* End PBXNativeTarget section */

/* Begin PBXProject section */
		6A356F582BDDBBAA6E9B2053 /* Project object */ = {
			isa = PBXProject;
			attributes = {
				BuildIndependentTargetsInParallel = YES;
				LastUpgradeCheck = 1510;
				TargetAttributes = {
					C27B3F9F51FB83E74F6C27FC = {
						DevelopmentTeam = 38XZHDQFX8;
					};
				};
			};
			buildConfigurationList = B574828F14A673FEA8A2923F /* Build configuration list for PBXProject "CloneTwitter" */;
			compatibilityVersion = "Xcode 14.0";
			developmentRegion = en;
			hasScannedForEncodings = 0;
			knownRegions = (
				Base,
				en,
			);
			mainGroup = 4F2B8CFC1355F01E7F9F6512;
			packageReferences = (
				6275C856CD1EBAB96E18532D /* XCRemoteSwiftPackageReference "Inject" */,
				B4730735FA39F7B010602CFB /* XCRemoteSwiftPackageReference "Kingfisher" */,
			);
			projectDirPath = "";
			projectRoot = "";
			targets = (
				C27B3F9F51FB83E74F6C27FC /* CloneTwitter */,
			);
		};
/* End PBXProject section */

/* Begin PBXResourcesBuildPhase section */
		160B7C066B7F33EC5368122C /* Resources */ = {
			isa = PBXResourcesBuildPhase;
			buildActionMask = 2147483647;
			files = (
				E9F5BEB8C8B9DE7E8685A33B /* Chinese.strings in Resources */,
				A7A09BA6C217EA139DF8CA91 /* English.strings in Resources */,
				559FF8AFC1C40C83C5C73A11 /* File.midi in Resources */,
				224047DD3EE85ECD6AF106D5 /* File.xml in Resources */,
				718EAD46818A5FC89F429E60 /* Media.xcassets in Resources */,
			);
			runOnlyForDeploymentPostprocessing = 0;
		};
/* End PBXResourcesBuildPhase section */

/* Begin PBXSourcesBuildPhase section */
		0B29015413D8120421ACAE93 /* Sources */ = {
			isa = PBXSourcesBuildPhase;
			buildActionMask = 2147483647;
			files = (
				210266447FC610A6F0AA896B /* App.swift in Sources */,
				B285E5AED67FF05ACE29D9D8 /* AppTests.swift in Sources */,
				89D2924EF21D7400CB175824 /* AuthService.swift in Sources */,
				0A2DD39C4923E06AB98EE34F /* AuthViewModel.swift in Sources */,
				2FDB7043301D37B427883765 /* AuthenticationView.swift in Sources */,
				D1C6FC9DC7D8E6469178A875 /* BlurView.swift in Sources */,
				42B635BBF32E2CDB4B3D75B9 /* Constants.swift in Sources */,
				78610D712D80FD1AACE741BE /* CreateTweetView.swift in Sources */,
				43FE26F57FE770E8A598BC4F /* CreateTweetViewModel.swift in Sources */,
				D1F34CB81F9DE745E00E71D1 /* CustomAuthTextField.swift in Sources */,
				8A92EFE59933B4174B96A25C /* CustomProfileTextField.swift in Sources */,
				1CB2CC28E9B2C49A231DDB64 /* EditProfileView.swift in Sources */,
				A8D7B897DCEDD171578E5AD1 /* EditProfileViewModel.swift in Sources */,
				BD57731BFC41C740E215AB3E /* Feed.swift in Sources */,
				A0BA6A888A3D0CCD00173160 /* FeedViewModel.swift in Sources */,
				3D731873A2C57415F0B9CBFE /* Home.swift in Sources */,
				52DD9DDE1073C84236BE43B3 /* ImagePicker.swift in Sources */,
				B2E3F95CCFE5D7DB9A9AC961 /* ImageUploader.swift in Sources */,
				7EFDCDF5ABE0F21D59C46729 /* ItemsView.swift in Sources */,
				09645D6F9008FE049B9E6AD5 /* LoginView.swift in Sources */,
				87667983C9427E912AFD3198 /* MainView.swift in Sources */,
				CEED262410F9691D00B98C75 /* MainViewModel.swift in Sources */,
				EF9648EC9BEC605A0F44E331 /* MessageCell.swift in Sources */,
				17A25AAE7253BA08CADB788B /* MessagesView.swift in Sources */,
				DEF343324BEACFCBA563D1AF /* MultilineTextField.swift in Sources */,
				C068B5844156965EEDB57E95 /* NotificationCell.swift in Sources */,
				54E452CE719B5E1F823AC271 /* NotificationsView.swift in Sources */,
				D73D5CFF21B2345A7CB93522 /* PostView.swift in Sources */,
				312858224741A6F798A6F973 /* ProfileTabBar.swift in Sources */,
				7DD68A184B05CDCFCD2052AC /* ProfileView.swift in Sources */,
				F7DA961EFA2E8EA3C60C6F4D /* ProfileViewModel.swift in Sources */,
				A5857BAB502A2AC5494F1832 /* RegisterView.swift in Sources */,
				A1C2F0DCF87B0B2A5068E60D /* RequestServices.swift in Sources */,
				4F41E88C3D8A52450B608CB9 /* Resources.swift in Sources */,
				AD1B7D0422713D872468D437 /* SearchBar.swift in Sources */,
				5FF3D64758461D7E28D07FE1 /* SearchCell.swift in Sources */,
				297D61CE03BABABCB11BB140 /* SearchUserCell.swift in Sources */,
				EF7404C4BF8B7F4E6A6932BB /* SearchView.swift in Sources */,
				0A8B74E641A7779B4EE6D917 /* SecureAuthTextField.swift in Sources */,
				7FB77780770D8E727593783C /* SlideMenu.swift in Sources */,
				8BCF349E8CE6576F16437424 /* TabButton.swift in Sources */,
				F3390ADC36F710542E90E111 /* TopBar.swift in Sources */,
				29B28B6F05D1776F4C3BEE46 /* Tweet.swift in Sources */,
				C7A14999D76A2611DA546096 /* TweetCellView.swift in Sources */,
				441DA36D8A88E54DD4819477 /* TweetCellViewModel.swift in Sources */,
				FF5A372F281FF9BEE756CD1C /* User.swift in Sources */,
				66F1CB2056D1DA0C460FB27F /* UserService.swift in Sources */,
				C1B6839881CA6B6855F266A0 /* WelcomeView.swift in Sources */,
			);
			runOnlyForDeploymentPostprocessing = 0;
		};
/* End PBXSourcesBuildPhase section */

/* Begin XCBuildConfiguration section */
		70FE2C565318C60426C8F66F /* Debug */ = {
			isa = XCBuildConfiguration;
			buildSettings = {
				ALWAYS_SEARCH_USER_PATHS = NO;
				CLANG_ANALYZER_NONNULL = YES;
				CLANG_ANALYZER_NUMBER_OBJECT_CONVERSION = YES_AGGRESSIVE;
				CLANG_CXX_LANGUAGE_STANDARD = "gnu++14";
				CLANG_CXX_LIBRARY = "libc++";
				CLANG_ENABLE_MODULES = YES;
				CLANG_ENABLE_OBJC_ARC = YES;
				CLANG_ENABLE_OBJC_WEAK = YES;
				CLANG_WARN_BLOCK_CAPTURE_AUTORELEASING = YES;
				CLANG_WARN_BOOL_CONVERSION = YES;
				CLANG_WARN_COMMA = YES;
				CLANG_WARN_CONSTANT_CONVERSION = YES;
				CLANG_WARN_DEPRECATED_OBJC_IMPLEMENTATIONS = YES;
				CLANG_WARN_DIRECT_OBJC_ISA_USAGE = YES_ERROR;
				CLANG_WARN_DOCUMENTATION_COMMENTS = YES;
				CLANG_WARN_EMPTY_BODY = YES;
				CLANG_WARN_ENUM_CONVERSION = YES;
				CLANG_WARN_INFINITE_RECURSION = YES;
				CLANG_WARN_INT_CONVERSION = YES;
				CLANG_WARN_NON_LITERAL_NULL_CONVERSION = YES;
				CLANG_WARN_OBJC_IMPLICIT_RETAIN_SELF = YES;
				CLANG_WARN_OBJC_LITERAL_CONVERSION = YES;
				CLANG_WARN_OBJC_ROOT_CLASS = YES_ERROR;
				CLANG_WARN_QUOTED_INCLUDE_IN_FRAMEWORK_HEADER = YES;
				CLANG_WARN_RANGE_LOOP_ANALYSIS = YES;
				CLANG_WARN_STRICT_PROTOTYPES = YES;
				CLANG_WARN_SUSPICIOUS_MOVE = YES;
				CLANG_WARN_UNGUARDED_AVAILABILITY = YES_AGGRESSIVE;
				CLANG_WARN_UNREACHABLE_CODE = YES;
				CLANG_WARN__DUPLICATE_METHOD_MATCH = YES;
				COPY_PHASE_STRIP = NO;
				DEBUG_INFORMATION_FORMAT = dwarf;
				ENABLE_STRICT_OBJC_MSGSEND = YES;
				ENABLE_TESTABILITY = YES;
				GCC_C_LANGUAGE_STANDARD = gnu11;
				GCC_DYNAMIC_NO_PIC = NO;
				GCC_NO_COMMON_BLOCKS = YES;
				GCC_OPTIMIZATION_LEVEL = 0;
				GCC_PREPROCESSOR_DEFINITIONS = (
					"$(inherited)",
					"DEBUG=1",
				);
				GCC_WARN_64_TO_32_BIT_CONVERSION = YES;
				GCC_WARN_ABOUT_RETURN_TYPE = YES_ERROR;
				GCC_WARN_UNDECLARED_SELECTOR = YES;
				GCC_WARN_UNINITIALIZED_AUTOS = YES_AGGRESSIVE;
				GCC_WARN_UNUSED_FUNCTION = YES;
				GCC_WARN_UNUSED_VARIABLE = YES;
				IPHONEOS_DEPLOYMENT_TARGET = 17.0;
				MTL_ENABLE_DEBUG_INFO = INCLUDE_SOURCE;
				MTL_FAST_MATH = YES;
				ONLY_ACTIVE_ARCH = YES;
				PRODUCT_NAME = "$(TARGET_NAME)";
				SDKROOT = iphoneos;
				SWIFT_ACTIVE_COMPILATION_CONDITIONS = DEBUG;
				SWIFT_OPTIMIZATION_LEVEL = "-Onone";
				SWIFT_VERSION = 5.0;
			};
			name = Debug;
		};
		C513CBF3D13890029869B5A1 /* Release */ = {
			isa = XCBuildConfiguration;
			buildSettings = {
				ALWAYS_SEARCH_USER_PATHS = NO;
				CLANG_ANALYZER_NONNULL = YES;
				CLANG_ANALYZER_NUMBER_OBJECT_CONVERSION = YES_AGGRESSIVE;
				CLANG_CXX_LANGUAGE_STANDARD = "gnu++14";
				CLANG_CXX_LIBRARY = "libc++";
				CLANG_ENABLE_MODULES = YES;
				CLANG_ENABLE_OBJC_ARC = YES;
				CLANG_ENABLE_OBJC_WEAK = YES;
				CLANG_WARN_BLOCK_CAPTURE_AUTORELEASING = YES;
				CLANG_WARN_BOOL_CONVERSION = YES;
				CLANG_WARN_COMMA = YES;
				CLANG_WARN_CONSTANT_CONVERSION = YES;
				CLANG_WARN_DEPRECATED_OBJC_IMPLEMENTATIONS = YES;
				CLANG_WARN_DIRECT_OBJC_ISA_USAGE = YES_ERROR;
				CLANG_WARN_DOCUMENTATION_COMMENTS = YES;
				CLANG_WARN_EMPTY_BODY = YES;
				CLANG_WARN_ENUM_CONVERSION = YES;
				CLANG_WARN_INFINITE_RECURSION = YES;
				CLANG_WARN_INT_CONVERSION = YES;
				CLANG_WARN_NON_LITERAL_NULL_CONVERSION = YES;
				CLANG_WARN_OBJC_IMPLICIT_RETAIN_SELF = YES;
				CLANG_WARN_OBJC_LITERAL_CONVERSION = YES;
				CLANG_WARN_OBJC_ROOT_CLASS = YES_ERROR;
				CLANG_WARN_QUOTED_INCLUDE_IN_FRAMEWORK_HEADER = YES;
				CLANG_WARN_RANGE_LOOP_ANALYSIS = YES;
				CLANG_WARN_STRICT_PROTOTYPES = YES;
				CLANG_WARN_SUSPICIOUS_MOVE = YES;
				CLANG_WARN_UNGUARDED_AVAILABILITY = YES_AGGRESSIVE;
				CLANG_WARN_UNREACHABLE_CODE = YES;
				CLANG_WARN__DUPLICATE_METHOD_MATCH = YES;
				COPY_PHASE_STRIP = NO;
				DEBUG_INFORMATION_FORMAT = "dwarf-with-dsym";
				ENABLE_NS_ASSERTIONS = NO;
				ENABLE_STRICT_OBJC_MSGSEND = YES;
				GCC_C_LANGUAGE_STANDARD = gnu11;
				GCC_NO_COMMON_BLOCKS = YES;
				GCC_WARN_64_TO_32_BIT_CONVERSION = YES;
				GCC_WARN_ABOUT_RETURN_TYPE = YES_ERROR;
				GCC_WARN_UNDECLARED_SELECTOR = YES;
				GCC_WARN_UNINITIALIZED_AUTOS = YES_AGGRESSIVE;
				GCC_WARN_UNUSED_FUNCTION = YES;
				GCC_WARN_UNUSED_VARIABLE = YES;
				IPHONEOS_DEPLOYMENT_TARGET = 17.0;
				MTL_ENABLE_DEBUG_INFO = NO;
				MTL_FAST_MATH = YES;
				PRODUCT_NAME = "$(TARGET_NAME)";
				SDKROOT = iphoneos;
				SWIFT_COMPILATION_MODE = wholemodule;
				SWIFT_OPTIMIZATION_LEVEL = "-O";
				SWIFT_VERSION = 5.0;
			};
			name = Release;
		};
		D149469ED635297F75F81986 /* Release */ = {
			isa = XCBuildConfiguration;
			buildSettings = {
				ASSETCATALOG_COMPILER_APPICON_NAME = AppIcon;
				CODE_SIGN_IDENTITY = "iPhone Developer";
				CURRENT_PROJECT_VERSION = 1;
				DEVELOPMENT_TEAM = 38XZHDQFX8;
				ENABLE_TESTABILITY = YES;
				GENERATE_INFOPLIST_FILE = YES;
				INFOPLIST_KEY_CFBundleDisplayName = CloneTwitter;
				INFOPLIST_KEY_UILaunchScreen_Generation = YES;
				INFOPLIST_KEY_UISupportedInterfaceOrientations_iPhone = UIInterfaceOrientationPortrait;
				LD_RUNPATH_SEARCH_PATHS = (
					"$(inherited)",
					"@executable_path/Frameworks",
				);
				MARKETING_VERSION = 1.0.0;
				"OTHER_LDFLAGS[config=Debug][sdk=iphonesimulator*]" = "$(inherited) -Xlinker -interposable";
				PRODUCT_BUNDLE_IDENTIFIER = com.pan.clonetwitter;
				SDKROOT = iphoneos;
				SWIFT_VERSION = 5.9;
				TARGETED_DEVICE_FAMILY = "1,2";
			};
			name = Release;
		};
		F05C016F1533294A52E5E9B7 /* Debug */ = {
			isa = XCBuildConfiguration;
			buildSettings = {
				ASSETCATALOG_COMPILER_APPICON_NAME = AppIcon;
				CODE_SIGN_IDENTITY = "iPhone Developer";
				CURRENT_PROJECT_VERSION = 1;
				DEVELOPMENT_TEAM = 38XZHDQFX8;
				ENABLE_TESTABILITY = YES;
				GENERATE_INFOPLIST_FILE = YES;
				INFOPLIST_KEY_CFBundleDisplayName = CloneTwitter;
				INFOPLIST_KEY_UILaunchScreen_Generation = YES;
				INFOPLIST_KEY_UISupportedInterfaceOrientations_iPhone = UIInterfaceOrientationPortrait;
				LD_RUNPATH_SEARCH_PATHS = (
					"$(inherited)",
					"@executable_path/Frameworks",
				);
				MARKETING_VERSION = 1.0.0;
				"OTHER_LDFLAGS[config=Debug][sdk=iphonesimulator*]" = "$(inherited) -Xlinker -interposable";
				PRODUCT_BUNDLE_IDENTIFIER = com.pan.clonetwitter;
				SDKROOT = iphoneos;
				SWIFT_VERSION = 5.9;
				TARGETED_DEVICE_FAMILY = "1,2";
			};
			name = Debug;
		};
/* End XCBuildConfiguration section */

/* Begin XCConfigurationList section */
		486A76791A5156B6E4965F94 /* Build configuration list for PBXNativeTarget "CloneTwitter" */ = {
			isa = XCConfigurationList;
			buildConfigurations = (
				F05C016F1533294A52E5E9B7 /* Debug */,
				D149469ED635297F75F81986 /* Release */,
			);
			defaultConfigurationIsVisible = 0;
			defaultConfigurationName = Debug;
		};
		B574828F14A673FEA8A2923F /* Build configuration list for PBXProject "CloneTwitter" */ = {
			isa = XCConfigurationList;
			buildConfigurations = (
				70FE2C565318C60426C8F66F /* Debug */,
				C513CBF3D13890029869B5A1 /* Release */,
			);
			defaultConfigurationIsVisible = 0;
			defaultConfigurationName = Debug;
		};
/* End XCConfigurationList section */

/* Begin XCRemoteSwiftPackageReference section */
		6275C856CD1EBAB96E18532D /* XCRemoteSwiftPackageReference "Inject" */ = {
			isa = XCRemoteSwiftPackageReference;
			repositoryURL = "https://github.com/krzysztofzablocki/Inject.git";
			requirement = {
				kind = upToNextMajorVersion;
				minimumVersion = 1.2.4;
			};
		};
		B4730735FA39F7B010602CFB /* XCRemoteSwiftPackageReference "Kingfisher" */ = {
			isa = XCRemoteSwiftPackageReference;
			repositoryURL = "https://github.com/onevcat/Kingfisher";
			requirement = {
				kind = upToNextMajorVersion;
				minimumVersion = 8.1.4;
			};
		};
/* End XCRemoteSwiftPackageReference section */

/* Begin XCSwiftPackageProductDependency section */
		2F8CF08C447FD6655E14096D /* Kingfisher */ = {
			isa = XCSwiftPackageProductDependency;
			package = B4730735FA39F7B010602CFB /* XCRemoteSwiftPackageReference "Kingfisher" */;
			productName = Kingfisher;
		};
		9B0B58CBFF7A3CD52A750FEA /* Inject */ = {
			isa = XCSwiftPackageProductDependency;
			package = 6275C856CD1EBAB96E18532D /* XCRemoteSwiftPackageReference "Inject" */;
			productName = Inject;
		};
/* End XCSwiftPackageProductDependency section */
	};
	rootObject = 6A356F582BDDBBAA6E9B2053 /* Project object */;
}
